// !$*UTF8*$!
{
	archiveVersion = 1;
	classes = {
	};
	objectVersion = 56;
	objects = {

/* Begin PBXBuildFile section */
		9E09DA472A478C4B00D3691A /* BC55SystemMaterials.swift in Sources */ = {isa = PBXBuildFile; fileRef = 9E09DA462A478C4B00D3691A /* BC55SystemMaterials.swift */; };
		9E09DA492A479D6B00D3691A /* BC57ButtonStyles.swift in Sources */ = {isa = PBXBuildFile; fileRef = 9E09DA482A479D6B00D3691A /* BC57ButtonStyles.swift */; };
		9E09DA4B2A47AFAA00D3691A /* BC58SwipeActions.swift in Sources */ = {isa = PBXBuildFile; fileRef = 9E09DA4A2A47AFAA00D3691A /* BC58SwipeActions.swift */; };
		9E09DA4D2A47CC3F00D3691A /* BC59Badges.swift in Sources */ = {isa = PBXBuildFile; fileRef = 9E09DA4C2A47CC3F00D3691A /* BC59Badges.swift */; };
		9E09DA4F2A48A56A00D3691A /* BC60FocusState.swift in Sources */ = {isa = PBXBuildFile; fileRef = 9E09DA4E2A48A56A00D3691A /* BC60FocusState.swift */; };
		9E09DA512A48CE8E00D3691A /* BC61KeyboardSubmit.swift in Sources */ = {isa = PBXBuildFile; fileRef = 9E09DA502A48CE8E00D3691A /* BC61KeyboardSubmit.swift */; };
		9E09DA532A48D19900D3691A /* BC62NavigationStack.swift in Sources */ = {isa = PBXBuildFile; fileRef = 9E09DA522A48D19900D3691A /* BC62NavigationStack.swift */; };
		9E3D2A922A3BCA4E000DC05C /* BC33ActionSheet.swift in Sources */ = {isa = PBXBuildFile; fileRef = 9E3D2A912A3BCA4E000DC05C /* BC33ActionSheet.swift */; };
		9E47FB172A463AAB0093A0CC /* BC51EnvironmentObject.swift in Sources */ = {isa = PBXBuildFile; fileRef = 9E47FB162A463AAB0093A0CC /* BC51EnvironmentObject.swift */; };
		9E47FB192A4640750093A0CC /* BC52AppStorage.swift in Sources */ = {isa = PBXBuildFile; fileRef = 9E47FB182A4640750093A0CC /* BC52AppStorage.swift */; };
		9E47FB1C2A47511D0093A0CC /* BC53IntroView.swift in Sources */ = {isa = PBXBuildFile; fileRef = 9E47FB1B2A47511D0093A0CC /* BC53IntroView.swift */; };
		9E47FB1E2A4751C60093A0CC /* BC53OnboardingView.swift in Sources */ = {isa = PBXBuildFile; fileRef = 9E47FB1D2A4751C60093A0CC /* BC53OnboardingView.swift */; };
		9E47FB202A4764D70093A0CC /* BC53ProfileView.swift in Sources */ = {isa = PBXBuildFile; fileRef = 9E47FB1F2A4764D70093A0CC /* BC53ProfileView.swift */; };
		9E47FB222A477D0D0093A0CC /* BC54AsyncImage.swift in Sources */ = {isa = PBXBuildFile; fileRef = 9E47FB212A477D0D0093A0CC /* BC54AsyncImage.swift */; };
		9E48A37029C75E85006FCA0E /* SwiftUILessonsApp.swift in Sources */ = {isa = PBXBuildFile; fileRef = 9E48A36F29C75E85006FCA0E /* SwiftUILessonsApp.swift */; };
		9E48A37229C75E85006FCA0E /* ContentView.swift in Sources */ = {isa = PBXBuildFile; fileRef = 9E48A37129C75E85006FCA0E /* ContentView.swift */; };
		9E48A37429C75E86006FCA0E /* Assets.xcassets in Resources */ = {isa = PBXBuildFile; fileRef = 9E48A37329C75E86006FCA0E /* Assets.xcassets */; };
		9E48A37729C75E86006FCA0E /* Preview Assets.xcassets in Resources */ = {isa = PBXBuildFile; fileRef = 9E48A37629C75E86006FCA0E /* Preview Assets.xcassets */; };
		9E48A37F29C75F44006FCA0E /* BC2Text.swift in Sources */ = {isa = PBXBuildFile; fileRef = 9E48A37E29C75F44006FCA0E /* BC2Text.swift */; };
		9E48A38129C76470006FCA0E /* BC3Shapes.swift in Sources */ = {isa = PBXBuildFile; fileRef = 9E48A38029C76470006FCA0E /* BC3Shapes.swift */; };
		9E48A38329C766CC006FCA0E /* BC4Color.swift in Sources */ = {isa = PBXBuildFile; fileRef = 9E48A38229C766CC006FCA0E /* BC4Color.swift */; };
		9E48A38529C768E0006FCA0E /* BC5Gradients.swift in Sources */ = {isa = PBXBuildFile; fileRef = 9E48A38429C768E0006FCA0E /* BC5Gradients.swift */; };
		9E48A38729C787FE006FCA0E /* BC6Icons.swift in Sources */ = {isa = PBXBuildFile; fileRef = 9E48A38629C787FE006FCA0E /* BC6Icons.swift */; };
		9E48A38929C78A96006FCA0E /* BC7Images.swift in Sources */ = {isa = PBXBuildFile; fileRef = 9E48A38829C78A96006FCA0E /* BC7Images.swift */; };
		9E48A38B29C78C0A006FCA0E /* BC8Frames.swift in Sources */ = {isa = PBXBuildFile; fileRef = 9E48A38A29C78C0A006FCA0E /* BC8Frames.swift */; };
		9E48A38D29C7903D006FCA0E /* BC9Overlays.swift in Sources */ = {isa = PBXBuildFile; fileRef = 9E48A38C29C7903D006FCA0E /* BC9Overlays.swift */; };
		9E48A38F29C799DB006FCA0E /* BC10VHZStacks.swift in Sources */ = {isa = PBXBuildFile; fileRef = 9E48A38E29C799DB006FCA0E /* BC10VHZStacks.swift */; };
		9E48A39129C7A21A006FCA0E /* BC11Padding.swift in Sources */ = {isa = PBXBuildFile; fileRef = 9E48A39029C7A21A006FCA0E /* BC11Padding.swift */; };
		9E48A39329C7A402006FCA0E /* BC12Spacer.swift in Sources */ = {isa = PBXBuildFile; fileRef = 9E48A39229C7A402006FCA0E /* BC12Spacer.swift */; };
		9E48A39529C7A8A3006FCA0E /* BC13InitsEnums.swift in Sources */ = {isa = PBXBuildFile; fileRef = 9E48A39429C7A8A3006FCA0E /* BC13InitsEnums.swift */; };
		9E48A39729C7AACD006FCA0E /* BC14ForEach.swift in Sources */ = {isa = PBXBuildFile; fileRef = 9E48A39629C7AACD006FCA0E /* BC14ForEach.swift */; };
		9E51D4CD2A3E3EFF005467A1 /* BC34ContextMenu.swift in Sources */ = {isa = PBXBuildFile; fileRef = 9E51D4CC2A3E3EFF005467A1 /* BC34ContextMenu.swift */; };
		9E51D4CF2A3E4596005467A1 /* BC35TextField.swift in Sources */ = {isa = PBXBuildFile; fileRef = 9E51D4CE2A3E4595005467A1 /* BC35TextField.swift */; };
		9E7D2ECC2A0DBCB100CDE614 /* BC31EditLists.swift in Sources */ = {isa = PBXBuildFile; fileRef = 9E7D2ECB2A0DBCB100CDE614 /* BC31EditLists.swift */; };
		9E9F96BB2A05DB9F009C11EC /* BC28FullScreenCover.swift in Sources */ = {isa = PBXBuildFile; fileRef = 9E9F96BA2A05DB9F009C11EC /* BC28FullScreenCover.swift */; };
		9E9F96BF2A08882C009C11EC /* BC29Popover.swift in Sources */ = {isa = PBXBuildFile; fileRef = 9E9F96BE2A08882C009C11EC /* BC29Popover.swift */; };
		9E9F96C12A088D1D009C11EC /* BC30Navigation.swift in Sources */ = {isa = PBXBuildFile; fileRef = 9E9F96C02A088D1D009C11EC /* BC30Navigation.swift */; };
		9EA015BD29C7E01000E21971 /* BC15ScrollView.swift in Sources */ = {isa = PBXBuildFile; fileRef = 9EA015BC29C7E01000E21971 /* BC15ScrollView.swift */; };
		9EC1C0902A3F7EFE00FA8A16 /* BC36TextEditor.swift in Sources */ = {isa = PBXBuildFile; fileRef = 9EC1C08F2A3F7EFE00FA8A16 /* BC36TextEditor.swift */; };
		9EC1C0922A3F812E00FA8A16 /* BC37Switch.swift in Sources */ = {isa = PBXBuildFile; fileRef = 9EC1C0912A3F812E00FA8A16 /* BC37Switch.swift */; };
		9EC1C0942A3F825200FA8A16 /* BC38Picker.swift in Sources */ = {isa = PBXBuildFile; fileRef = 9EC1C0932A3F825200FA8A16 /* BC38Picker.swift */; };
		9EC1C0962A3F8A7B00FA8A16 /* BC39ColorPicker.swift in Sources */ = {isa = PBXBuildFile; fileRef = 9EC1C0952A3F8A7B00FA8A16 /* BC39ColorPicker.swift */; };
		9EC1C0982A3F8FF000FA8A16 /* BC40DatePicker.swift in Sources */ = {isa = PBXBuildFile; fileRef = 9EC1C0972A3F8FF000FA8A16 /* BC40DatePicker.swift */; };
		9EC1C09A2A3F92E700FA8A16 /* BC41Stepper.swift in Sources */ = {isa = PBXBuildFile; fileRef = 9EC1C0992A3F92E700FA8A16 /* BC41Stepper.swift */; };
		9EC1C09C2A3F946600FA8A16 /* BC42Slider.swift in Sources */ = {isa = PBXBuildFile; fileRef = 9EC1C09B2A3F946600FA8A16 /* BC42Slider.swift */; };
		9EC1C09E2A3F9BB800FA8A16 /* BC43TabView.swift in Sources */ = {isa = PBXBuildFile; fileRef = 9EC1C09D2A3F9BB800FA8A16 /* BC43TabView.swift */; };
		9EC1C0A02A40CA4C00FA8A16 /* BC44DarkMode.swift in Sources */ = {isa = PBXBuildFile; fileRef = 9EC1C09F2A40CA4C00FA8A16 /* BC44DarkMode.swift */; };
		9EC1C0A42A40F8F200FA8A16 /* BC46OnAppear.swift in Sources */ = {isa = PBXBuildFile; fileRef = 9EC1C0A32A40F8F200FA8A16 /* BC46OnAppear.swift */; };
		9EC1C0A62A40FD6D00FA8A16 /* BC47IfLetGuard.swift in Sources */ = {isa = PBXBuildFile; fileRef = 9EC1C0A52A40FD6D00FA8A16 /* BC47IfLetGuard.swift */; };
		9EC1C0A82A40FFE200FA8A16 /* BC48TapGesture.swift in Sources */ = {isa = PBXBuildFile; fileRef = 9EC1C0A72A40FFE200FA8A16 /* BC48TapGesture.swift */; };
		9EC1C0AA2A41014400FA8A16 /* BC49CustomModels.swift in Sources */ = {isa = PBXBuildFile; fileRef = 9EC1C0A92A41014400FA8A16 /* BC49CustomModels.swift */; };
		9EC1C0AC2A41293700FA8A16 /* BC50StateObservableObject.swift in Sources */ = {isa = PBXBuildFile; fileRef = 9EC1C0AB2A41293700FA8A16 /* BC50StateObservableObject.swift */; };
		9EE48E0C29C8A88200492FCB /* BC16GridItems.swift in Sources */ = {isa = PBXBuildFile; fileRef = 9EE48E0B29C8A88200492FCB /* BC16GridItems.swift */; };
		9EE48E0E29C8ACCC00492FCB /* BC17SafeArea.swift in Sources */ = {isa = PBXBuildFile; fileRef = 9EE48E0D29C8ACCC00492FCB /* BC17SafeArea.swift */; };
		9EE48E1029C8B3B900492FCB /* BC18Buttons.swift in Sources */ = {isa = PBXBuildFile; fileRef = 9EE48E0F29C8B3B900492FCB /* BC18Buttons.swift */; };
		9EE48E1229C8B5AB00492FCB /* BC19State.swift in Sources */ = {isa = PBXBuildFile; fileRef = 9EE48E1129C8B5AB00492FCB /* BC19State.swift */; };
		9EE48E1429C8C2F100492FCB /* BC20ExtractFunctions.swift in Sources */ = {isa = PBXBuildFile; fileRef = 9EE48E1329C8C2F100492FCB /* BC20ExtractFunctions.swift */; };
		9EE48E1629C8C48500492FCB /* BC21ExtractViews.swift in Sources */ = {isa = PBXBuildFile; fileRef = 9EE48E1529C8C48500492FCB /* BC21ExtractViews.swift */; };
		9EE48E1829C8C5E400492FCB /* BC22Binding.swift in Sources */ = {isa = PBXBuildFile; fileRef = 9EE48E1729C8C5E400492FCB /* BC22Binding.swift */; };
		9EF812DA2A2275E100A15505 /* BC32ShowAlerts.swift in Sources */ = {isa = PBXBuildFile; fileRef = 9EF812D92A2275E100A15505 /* BC32ShowAlerts.swift */; };
		9EF8AA362A05B19F00BB130B /* BC23ConditionalStatements.swift in Sources */ = {isa = PBXBuildFile; fileRef = 9EF8AA352A05B19F00BB130B /* BC23ConditionalStatements.swift */; };
		9EF8AA382A05B44300BB130B /* BC24Ternary.swift in Sources */ = {isa = PBXBuildFile; fileRef = 9EF8AA372A05B44300BB130B /* BC24Ternary.swift */; };
		9EF8AA3A2A05D06400BB130B /* BC25Animations.swift in Sources */ = {isa = PBXBuildFile; fileRef = 9EF8AA392A05D06400BB130B /* BC25Animations.swift */; };
		9EF8AA3C2A05D31400BB130B /* BC26AnimationCurves.swift in Sources */ = {isa = PBXBuildFile; fileRef = 9EF8AA3B2A05D31400BB130B /* BC26AnimationCurves.swift */; };
		9EF8AA3E2A05DA1800BB130B /* BC27Transitions.swift in Sources */ = {isa = PBXBuildFile; fileRef = 9EF8AA3D2A05DA1800BB130B /* BC27Transitions.swift */; };
/* End PBXBuildFile section */

/* Begin PBXFileReference section */
		9E09DA462A478C4B00D3691A /* BC55SystemMaterials.swift */ = {isa = PBXFileReference; lastKnownFileType = sourcecode.swift; path = BC55SystemMaterials.swift; sourceTree = "<group>"; };
		9E09DA482A479D6B00D3691A /* BC57ButtonStyles.swift */ = {isa = PBXFileReference; lastKnownFileType = sourcecode.swift; path = BC57ButtonStyles.swift; sourceTree = "<group>"; };
		9E09DA4A2A47AFAA00D3691A /* BC58SwipeActions.swift */ = {isa = PBXFileReference; lastKnownFileType = sourcecode.swift; path = BC58SwipeActions.swift; sourceTree = "<group>"; };
		9E09DA4C2A47CC3F00D3691A /* BC59Badges.swift */ = {isa = PBXFileReference; lastKnownFileType = sourcecode.swift; path = BC59Badges.swift; sourceTree = "<group>"; };
		9E09DA4E2A48A56A00D3691A /* BC60FocusState.swift */ = {isa = PBXFileReference; lastKnownFileType = sourcecode.swift; path = BC60FocusState.swift; sourceTree = "<group>"; };
		9E09DA502A48CE8E00D3691A /* BC61KeyboardSubmit.swift */ = {isa = PBXFileReference; lastKnownFileType = sourcecode.swift; path = BC61KeyboardSubmit.swift; sourceTree = "<group>"; };
		9E09DA522A48D19900D3691A /* BC62NavigationStack.swift */ = {isa = PBXFileReference; lastKnownFileType = sourcecode.swift; path = BC62NavigationStack.swift; sourceTree = "<group>"; };
		9E3D2A912A3BCA4E000DC05C /* BC33ActionSheet.swift */ = {isa = PBXFileReference; lastKnownFileType = sourcecode.swift; path = BC33ActionSheet.swift; sourceTree = "<group>"; };
		9E47FB162A463AAB0093A0CC /* BC51EnvironmentObject.swift */ = {isa = PBXFileReference; lastKnownFileType = sourcecode.swift; path = BC51EnvironmentObject.swift; sourceTree = "<group>"; };
		9E47FB182A4640750093A0CC /* BC52AppStorage.swift */ = {isa = PBXFileReference; lastKnownFileType = sourcecode.swift; path = BC52AppStorage.swift; sourceTree = "<group>"; };
		9E47FB1B2A47511D0093A0CC /* BC53IntroView.swift */ = {isa = PBXFileReference; lastKnownFileType = sourcecode.swift; path = BC53IntroView.swift; sourceTree = "<group>"; };
		9E47FB1D2A4751C60093A0CC /* BC53OnboardingView.swift */ = {isa = PBXFileReference; lastKnownFileType = sourcecode.swift; path = BC53OnboardingView.swift; sourceTree = "<group>"; };
		9E47FB1F2A4764D70093A0CC /* BC53ProfileView.swift */ = {isa = PBXFileReference; lastKnownFileType = sourcecode.swift; path = BC53ProfileView.swift; sourceTree = "<group>"; };
		9E47FB212A477D0D0093A0CC /* BC54AsyncImage.swift */ = {isa = PBXFileReference; lastKnownFileType = sourcecode.swift; path = BC54AsyncImage.swift; sourceTree = "<group>"; };
		9E48A36C29C75E85006FCA0E /* SwiftUILessons.app */ = {isa = PBXFileReference; explicitFileType = wrapper.application; includeInIndex = 0; path = SwiftUILessons.app; sourceTree = BUILT_PRODUCTS_DIR; };
		9E48A36F29C75E85006FCA0E /* SwiftUILessonsApp.swift */ = {isa = PBXFileReference; lastKnownFileType = sourcecode.swift; path = SwiftUILessonsApp.swift; sourceTree = "<group>"; };
		9E48A37129C75E85006FCA0E /* ContentView.swift */ = {isa = PBXFileReference; lastKnownFileType = sourcecode.swift; path = ContentView.swift; sourceTree = "<group>"; };
		9E48A37329C75E86006FCA0E /* Assets.xcassets */ = {isa = PBXFileReference; lastKnownFileType = folder.assetcatalog; path = Assets.xcassets; sourceTree = "<group>"; };
		9E48A37629C75E86006FCA0E /* Preview Assets.xcassets */ = {isa = PBXFileReference; lastKnownFileType = folder.assetcatalog; path = "Preview Assets.xcassets"; sourceTree = "<group>"; };
		9E48A37E29C75F44006FCA0E /* BC2Text.swift */ = {isa = PBXFileReference; lastKnownFileType = sourcecode.swift; path = BC2Text.swift; sourceTree = "<group>"; };
		9E48A38029C76470006FCA0E /* BC3Shapes.swift */ = {isa = PBXFileReference; lastKnownFileType = sourcecode.swift; path = BC3Shapes.swift; sourceTree = "<group>"; };
		9E48A38229C766CC006FCA0E /* BC4Color.swift */ = {isa = PBXFileReference; lastKnownFileType = sourcecode.swift; path = BC4Color.swift; sourceTree = "<group>"; };
		9E48A38429C768E0006FCA0E /* BC5Gradients.swift */ = {isa = PBXFileReference; lastKnownFileType = sourcecode.swift; path = BC5Gradients.swift; sourceTree = "<group>"; };
		9E48A38629C787FE006FCA0E /* BC6Icons.swift */ = {isa = PBXFileReference; lastKnownFileType = sourcecode.swift; path = BC6Icons.swift; sourceTree = "<group>"; };
		9E48A38829C78A96006FCA0E /* BC7Images.swift */ = {isa = PBXFileReference; lastKnownFileType = sourcecode.swift; path = BC7Images.swift; sourceTree = "<group>"; };
		9E48A38A29C78C0A006FCA0E /* BC8Frames.swift */ = {isa = PBXFileReference; lastKnownFileType = sourcecode.swift; path = BC8Frames.swift; sourceTree = "<group>"; };
		9E48A38C29C7903D006FCA0E /* BC9Overlays.swift */ = {isa = PBXFileReference; lastKnownFileType = sourcecode.swift; path = BC9Overlays.swift; sourceTree = "<group>"; };
		9E48A38E29C799DB006FCA0E /* BC10VHZStacks.swift */ = {isa = PBXFileReference; lastKnownFileType = sourcecode.swift; path = BC10VHZStacks.swift; sourceTree = "<group>"; };
		9E48A39029C7A21A006FCA0E /* BC11Padding.swift */ = {isa = PBXFileReference; lastKnownFileType = sourcecode.swift; path = BC11Padding.swift; sourceTree = "<group>"; };
		9E48A39229C7A402006FCA0E /* BC12Spacer.swift */ = {isa = PBXFileReference; lastKnownFileType = sourcecode.swift; path = BC12Spacer.swift; sourceTree = "<group>"; };
		9E48A39429C7A8A3006FCA0E /* BC13InitsEnums.swift */ = {isa = PBXFileReference; lastKnownFileType = sourcecode.swift; path = BC13InitsEnums.swift; sourceTree = "<group>"; };
		9E48A39629C7AACD006FCA0E /* BC14ForEach.swift */ = {isa = PBXFileReference; lastKnownFileType = sourcecode.swift; path = BC14ForEach.swift; sourceTree = "<group>"; };
		9E51D4CC2A3E3EFF005467A1 /* BC34ContextMenu.swift */ = {isa = PBXFileReference; lastKnownFileType = sourcecode.swift; path = BC34ContextMenu.swift; sourceTree = "<group>"; };
		9E51D4CE2A3E4595005467A1 /* BC35TextField.swift */ = {isa = PBXFileReference; lastKnownFileType = sourcecode.swift; path = BC35TextField.swift; sourceTree = "<group>"; };
		9E7D2ECB2A0DBCB100CDE614 /* BC31EditLists.swift */ = {isa = PBXFileReference; lastKnownFileType = sourcecode.swift; path = BC31EditLists.swift; sourceTree = "<group>"; };
		9E9F96BA2A05DB9F009C11EC /* BC28FullScreenCover.swift */ = {isa = PBXFileReference; lastKnownFileType = sourcecode.swift; path = BC28FullScreenCover.swift; sourceTree = "<group>"; };
		9E9F96BE2A08882C009C11EC /* BC29Popover.swift */ = {isa = PBXFileReference; lastKnownFileType = sourcecode.swift; path = BC29Popover.swift; sourceTree = "<group>"; };
		9E9F96C02A088D1D009C11EC /* BC30Navigation.swift */ = {isa = PBXFileReference; lastKnownFileType = sourcecode.swift; path = BC30Navigation.swift; sourceTree = "<group>"; };
		9EA015BC29C7E01000E21971 /* BC15ScrollView.swift */ = {isa = PBXFileReference; lastKnownFileType = sourcecode.swift; path = BC15ScrollView.swift; sourceTree = "<group>"; };
		9EC1C08F2A3F7EFE00FA8A16 /* BC36TextEditor.swift */ = {isa = PBXFileReference; lastKnownFileType = sourcecode.swift; path = BC36TextEditor.swift; sourceTree = "<group>"; };
		9EC1C0912A3F812E00FA8A16 /* BC37Switch.swift */ = {isa = PBXFileReference; lastKnownFileType = sourcecode.swift; path = BC37Switch.swift; sourceTree = "<group>"; };
		9EC1C0932A3F825200FA8A16 /* BC38Picker.swift */ = {isa = PBXFileReference; lastKnownFileType = sourcecode.swift; path = BC38Picker.swift; sourceTree = "<group>"; };
		9EC1C0952A3F8A7B00FA8A16 /* BC39ColorPicker.swift */ = {isa = PBXFileReference; lastKnownFileType = sourcecode.swift; path = BC39ColorPicker.swift; sourceTree = "<group>"; };
		9EC1C0972A3F8FF000FA8A16 /* BC40DatePicker.swift */ = {isa = PBXFileReference; lastKnownFileType = sourcecode.swift; path = BC40DatePicker.swift; sourceTree = "<group>"; };
		9EC1C0992A3F92E700FA8A16 /* BC41Stepper.swift */ = {isa = PBXFileReference; lastKnownFileType = sourcecode.swift; path = BC41Stepper.swift; sourceTree = "<group>"; };
		9EC1C09B2A3F946600FA8A16 /* BC42Slider.swift */ = {isa = PBXFileReference; lastKnownFileType = sourcecode.swift; path = BC42Slider.swift; sourceTree = "<group>"; };
		9EC1C09D2A3F9BB800FA8A16 /* BC43TabView.swift */ = {isa = PBXFileReference; lastKnownFileType = sourcecode.swift; path = BC43TabView.swift; sourceTree = "<group>"; };
		9EC1C09F2A40CA4C00FA8A16 /* BC44DarkMode.swift */ = {isa = PBXFileReference; lastKnownFileType = sourcecode.swift; path = BC44DarkMode.swift; sourceTree = "<group>"; };
		9EC1C0A32A40F8F200FA8A16 /* BC46OnAppear.swift */ = {isa = PBXFileReference; lastKnownFileType = sourcecode.swift; path = BC46OnAppear.swift; sourceTree = "<group>"; };
		9EC1C0A52A40FD6D00FA8A16 /* BC47IfLetGuard.swift */ = {isa = PBXFileReference; lastKnownFileType = sourcecode.swift; path = BC47IfLetGuard.swift; sourceTree = "<group>"; };
		9EC1C0A72A40FFE200FA8A16 /* BC48TapGesture.swift */ = {isa = PBXFileReference; lastKnownFileType = sourcecode.swift; path = BC48TapGesture.swift; sourceTree = "<group>"; };
		9EC1C0A92A41014400FA8A16 /* BC49CustomModels.swift */ = {isa = PBXFileReference; lastKnownFileType = sourcecode.swift; path = BC49CustomModels.swift; sourceTree = "<group>"; };
		9EC1C0AB2A41293700FA8A16 /* BC50StateObservableObject.swift */ = {isa = PBXFileReference; lastKnownFileType = sourcecode.swift; path = BC50StateObservableObject.swift; sourceTree = "<group>"; };
		9EE48E0B29C8A88200492FCB /* BC16GridItems.swift */ = {isa = PBXFileReference; lastKnownFileType = sourcecode.swift; path = BC16GridItems.swift; sourceTree = "<group>"; };
		9EE48E0D29C8ACCC00492FCB /* BC17SafeArea.swift */ = {isa = PBXFileReference; lastKnownFileType = sourcecode.swift; path = BC17SafeArea.swift; sourceTree = "<group>"; };
		9EE48E0F29C8B3B900492FCB /* BC18Buttons.swift */ = {isa = PBXFileReference; lastKnownFileType = sourcecode.swift; path = BC18Buttons.swift; sourceTree = "<group>"; };
		9EE48E1129C8B5AB00492FCB /* BC19State.swift */ = {isa = PBXFileReference; lastKnownFileType = sourcecode.swift; path = BC19State.swift; sourceTree = "<group>"; };
		9EE48E1329C8C2F100492FCB /* BC20ExtractFunctions.swift */ = {isa = PBXFileReference; lastKnownFileType = sourcecode.swift; path = BC20ExtractFunctions.swift; sourceTree = "<group>"; };
		9EE48E1529C8C48500492FCB /* BC21ExtractViews.swift */ = {isa = PBXFileReference; lastKnownFileType = sourcecode.swift; path = BC21ExtractViews.swift; sourceTree = "<group>"; };
		9EE48E1729C8C5E400492FCB /* BC22Binding.swift */ = {isa = PBXFileReference; lastKnownFileType = sourcecode.swift; path = BC22Binding.swift; sourceTree = "<group>"; };
		9EF812D92A2275E100A15505 /* BC32ShowAlerts.swift */ = {isa = PBXFileReference; lastKnownFileType = sourcecode.swift; path = BC32ShowAlerts.swift; sourceTree = "<group>"; };
		9EF8AA352A05B19F00BB130B /* BC23ConditionalStatements.swift */ = {isa = PBXFileReference; lastKnownFileType = sourcecode.swift; path = BC23ConditionalStatements.swift; sourceTree = "<group>"; };
		9EF8AA372A05B44300BB130B /* BC24Ternary.swift */ = {isa = PBXFileReference; lastKnownFileType = sourcecode.swift; path = BC24Ternary.swift; sourceTree = "<group>"; };
		9EF8AA392A05D06400BB130B /* BC25Animations.swift */ = {isa = PBXFileReference; lastKnownFileType = sourcecode.swift; path = BC25Animations.swift; sourceTree = "<group>"; };
		9EF8AA3B2A05D31400BB130B /* BC26AnimationCurves.swift */ = {isa = PBXFileReference; lastKnownFileType = sourcecode.swift; path = BC26AnimationCurves.swift; sourceTree = "<group>"; };
		9EF8AA3D2A05DA1800BB130B /* BC27Transitions.swift */ = {isa = PBXFileReference; lastKnownFileType = sourcecode.swift; path = BC27Transitions.swift; sourceTree = "<group>"; };
/* End PBXFileReference section */

/* Begin PBXFrameworksBuildPhase section */
		9E48A36929C75E85006FCA0E /* Frameworks */ = {
			isa = PBXFrameworksBuildPhase;
			buildActionMask = 2147483647;
			files = (
			);
			runOnlyForDeploymentPostprocessing = 0;
		};
/* End PBXFrameworksBuildPhase section */

/* Begin PBXGroup section */
		9E47FB1A2A4750E30093A0CC /* BC53Onboarding */ = {
			isa = PBXGroup;
			children = (
				9E47FB1B2A47511D0093A0CC /* BC53IntroView.swift */,
				9E47FB1D2A4751C60093A0CC /* BC53OnboardingView.swift */,
				9E47FB1F2A4764D70093A0CC /* BC53ProfileView.swift */,
			);
			path = BC53Onboarding;
			sourceTree = "<group>";
		};
		9E48A36329C75E85006FCA0E = {
			isa = PBXGroup;
			children = (
				9E48A36E29C75E85006FCA0E /* SwiftUILessons */,
				9E48A36D29C75E85006FCA0E /* Products */,
			);
			sourceTree = "<group>";
		};
		9E48A36D29C75E85006FCA0E /* Products */ = {
			isa = PBXGroup;
			children = (
				9E48A36C29C75E85006FCA0E /* SwiftUILessons.app */,
			);
			name = Products;
			sourceTree = "<group>";
		};
		9E48A36E29C75E85006FCA0E /* SwiftUILessons */ = {
			isa = PBXGroup;
			children = (
				9E47FB1A2A4750E30093A0CC /* BC53Onboarding */,
				9E48A37D29C75ECA006FCA0E /* Main */,
				9E48A37529C75E86006FCA0E /* Preview Content */,
				9E48A37E29C75F44006FCA0E /* BC2Text.swift */,
				9E48A38029C76470006FCA0E /* BC3Shapes.swift */,
				9E48A38229C766CC006FCA0E /* BC4Color.swift */,
				9E48A38429C768E0006FCA0E /* BC5Gradients.swift */,
				9E48A38629C787FE006FCA0E /* BC6Icons.swift */,
				9E48A38829C78A96006FCA0E /* BC7Images.swift */,
				9E48A38A29C78C0A006FCA0E /* BC8Frames.swift */,
				9E48A38C29C7903D006FCA0E /* BC9Overlays.swift */,
				9E48A38E29C799DB006FCA0E /* BC10VHZStacks.swift */,
				9E48A39029C7A21A006FCA0E /* BC11Padding.swift */,
				9E48A39229C7A402006FCA0E /* BC12Spacer.swift */,
				9E48A39429C7A8A3006FCA0E /* BC13InitsEnums.swift */,
				9E48A39629C7AACD006FCA0E /* BC14ForEach.swift */,
				9EA015BC29C7E01000E21971 /* BC15ScrollView.swift */,
				9EE48E0B29C8A88200492FCB /* BC16GridItems.swift */,
				9EE48E0D29C8ACCC00492FCB /* BC17SafeArea.swift */,
				9EE48E0F29C8B3B900492FCB /* BC18Buttons.swift */,
				9EE48E1129C8B5AB00492FCB /* BC19State.swift */,
				9EE48E1329C8C2F100492FCB /* BC20ExtractFunctions.swift */,
				9EE48E1529C8C48500492FCB /* BC21ExtractViews.swift */,
				9EE48E1729C8C5E400492FCB /* BC22Binding.swift */,
				9EF8AA352A05B19F00BB130B /* BC23ConditionalStatements.swift */,
				9EF8AA372A05B44300BB130B /* BC24Ternary.swift */,
				9EF8AA392A05D06400BB130B /* BC25Animations.swift */,
				9EF8AA3B2A05D31400BB130B /* BC26AnimationCurves.swift */,
				9EF8AA3D2A05DA1800BB130B /* BC27Transitions.swift */,
				9E9F96BA2A05DB9F009C11EC /* BC28FullScreenCover.swift */,
				9E9F96BE2A08882C009C11EC /* BC29Popover.swift */,
				9E9F96C02A088D1D009C11EC /* BC30Navigation.swift */,
				9E7D2ECB2A0DBCB100CDE614 /* BC31EditLists.swift */,
				9EF812D92A2275E100A15505 /* BC32ShowAlerts.swift */,
				9E3D2A912A3BCA4E000DC05C /* BC33ActionSheet.swift */,
				9E51D4CC2A3E3EFF005467A1 /* BC34ContextMenu.swift */,
				9E51D4CE2A3E4595005467A1 /* BC35TextField.swift */,
				9EC1C08F2A3F7EFE00FA8A16 /* BC36TextEditor.swift */,
				9EC1C0912A3F812E00FA8A16 /* BC37Switch.swift */,
				9EC1C0932A3F825200FA8A16 /* BC38Picker.swift */,
				9EC1C0952A3F8A7B00FA8A16 /* BC39ColorPicker.swift */,
				9EC1C0972A3F8FF000FA8A16 /* BC40DatePicker.swift */,
				9EC1C0992A3F92E700FA8A16 /* BC41Stepper.swift */,
				9EC1C09B2A3F946600FA8A16 /* BC42Slider.swift */,
				9EC1C09D2A3F9BB800FA8A16 /* BC43TabView.swift */,
				9EC1C09F2A40CA4C00FA8A16 /* BC44DarkMode.swift */,
				9EC1C0A32A40F8F200FA8A16 /* BC46OnAppear.swift */,
				9EC1C0A52A40FD6D00FA8A16 /* BC47IfLetGuard.swift */,
				9EC1C0A72A40FFE200FA8A16 /* BC48TapGesture.swift */,
				9EC1C0A92A41014400FA8A16 /* BC49CustomModels.swift */,
				9EC1C0AB2A41293700FA8A16 /* BC50StateObservableObject.swift */,
				9E47FB162A463AAB0093A0CC /* BC51EnvironmentObject.swift */,
				9E47FB182A4640750093A0CC /* BC52AppStorage.swift */,
				9E47FB212A477D0D0093A0CC /* BC54AsyncImage.swift */,
				9E09DA462A478C4B00D3691A /* BC55SystemMaterials.swift */,
				9E09DA482A479D6B00D3691A /* BC57ButtonStyles.swift */,
				9E09DA4A2A47AFAA00D3691A /* BC58SwipeActions.swift */,
				9E09DA4C2A47CC3F00D3691A /* BC59Badges.swift */,
				9E09DA4E2A48A56A00D3691A /* BC60FocusState.swift */,
				9E09DA502A48CE8E00D3691A /* BC61KeyboardSubmit.swift */,
				9E09DA522A48D19900D3691A /* BC62NavigationStack.swift */,
			);
			path = SwiftUILessons;
			sourceTree = "<group>";
		};
		9E48A37529C75E86006FCA0E /* Preview Content */ = {
			isa = PBXGroup;
			children = (
				9E48A37629C75E86006FCA0E /* Preview Assets.xcassets */,
			);
			path = "Preview Content";
			sourceTree = "<group>";
		};
		9E48A37D29C75ECA006FCA0E /* Main */ = {
			isa = PBXGroup;
			children = (
				9E48A36F29C75E85006FCA0E /* SwiftUILessonsApp.swift */,
				9E48A37129C75E85006FCA0E /* ContentView.swift */,
				9E48A37329C75E86006FCA0E /* Assets.xcassets */,
			);
			path = Main;
			sourceTree = "<group>";
		};
/* End PBXGroup section */

/* Begin PBXNativeTarget section */
		9E48A36B29C75E85006FCA0E /* SwiftUILessons */ = {
			isa = PBXNativeTarget;
			buildConfigurationList = 9E48A37A29C75E86006FCA0E /* Build configuration list for PBXNativeTarget "SwiftUILessons" */;
			buildPhases = (
				9E48A36829C75E85006FCA0E /* Sources */,
				9E48A36929C75E85006FCA0E /* Frameworks */,
				9E48A36A29C75E85006FCA0E /* Resources */,
			);
			buildRules = (
			);
			dependencies = (
			);
			name = SwiftUILessons;
			productName = SwiftUILessons;
			productReference = 9E48A36C29C75E85006FCA0E /* SwiftUILessons.app */;
			productType = "com.apple.product-type.application";
		};
/* End PBXNativeTarget section */

/* Begin PBXProject section */
		9E48A36429C75E85006FCA0E /* Project object */ = {
			isa = PBXProject;
			attributes = {
				BuildIndependentTargetsInParallel = 1;
				LastSwiftUpdateCheck = 1410;
				LastUpgradeCheck = 1410;
				TargetAttributes = {
					9E48A36B29C75E85006FCA0E = {
						CreatedOnToolsVersion = 14.1;
					};
				};
			};
			buildConfigurationList = 9E48A36729C75E85006FCA0E /* Build configuration list for PBXProject "SwiftUILessons" */;
			compatibilityVersion = "Xcode 14.0";
			developmentRegion = en;
			hasScannedForEncodings = 0;
			knownRegions = (
				en,
				Base,
			);
			mainGroup = 9E48A36329C75E85006FCA0E;
			productRefGroup = 9E48A36D29C75E85006FCA0E /* Products */;
			projectDirPath = "";
			projectRoot = "";
			targets = (
				9E48A36B29C75E85006FCA0E /* SwiftUILessons */,
			);
		};
/* End PBXProject section */

/* Begin PBXResourcesBuildPhase section */
		9E48A36A29C75E85006FCA0E /* Resources */ = {
			isa = PBXResourcesBuildPhase;
			buildActionMask = 2147483647;
			files = (
				9E48A37729C75E86006FCA0E /* Preview Assets.xcassets in Resources */,
				9E48A37429C75E86006FCA0E /* Assets.xcassets in Resources */,
			);
			runOnlyForDeploymentPostprocessing = 0;
		};
/* End PBXResourcesBuildPhase section */

/* Begin PBXSourcesBuildPhase section */
		9E48A36829C75E85006FCA0E /* Sources */ = {
			isa = PBXSourcesBuildPhase;
			buildActionMask = 2147483647;
			files = (
				9EC1C0A42A40F8F200FA8A16 /* BC46OnAppear.swift in Sources */,
				9EF8AA3A2A05D06400BB130B /* BC25Animations.swift in Sources */,
				9E09DA512A48CE8E00D3691A /* BC61KeyboardSubmit.swift in Sources */,
				9EF8AA362A05B19F00BB130B /* BC23ConditionalStatements.swift in Sources */,
				9E48A38529C768E0006FCA0E /* BC5Gradients.swift in Sources */,
				9E09DA492A479D6B00D3691A /* BC57ButtonStyles.swift in Sources */,
				9E48A38B29C78C0A006FCA0E /* BC8Frames.swift in Sources */,
				9E48A38F29C799DB006FCA0E /* BC10VHZStacks.swift in Sources */,
				9EF8AA382A05B44300BB130B /* BC24Ternary.swift in Sources */,
				9E09DA4D2A47CC3F00D3691A /* BC59Badges.swift in Sources */,
				9E48A37F29C75F44006FCA0E /* BC2Text.swift in Sources */,
				9EA015BD29C7E01000E21971 /* BC15ScrollView.swift in Sources */,
				9EF8AA3E2A05DA1800BB130B /* BC27Transitions.swift in Sources */,
				9E48A39329C7A402006FCA0E /* BC12Spacer.swift in Sources */,
				9E3D2A922A3BCA4E000DC05C /* BC33ActionSheet.swift in Sources */,
				9EE48E1229C8B5AB00492FCB /* BC19State.swift in Sources */,
				9E48A37229C75E85006FCA0E /* ContentView.swift in Sources */,
				9E7D2ECC2A0DBCB100CDE614 /* BC31EditLists.swift in Sources */,
				9EE48E1029C8B3B900492FCB /* BC18Buttons.swift in Sources */,
				9E51D4CD2A3E3EFF005467A1 /* BC34ContextMenu.swift in Sources */,
				9EE48E0C29C8A88200492FCB /* BC16GridItems.swift in Sources */,
				9EF8AA3C2A05D31400BB130B /* BC26AnimationCurves.swift in Sources */,
				9EE48E1629C8C48500492FCB /* BC21ExtractViews.swift in Sources */,
				9EF812DA2A2275E100A15505 /* BC32ShowAlerts.swift in Sources */,
				9E48A38129C76470006FCA0E /* BC3Shapes.swift in Sources */,
				9E48A39129C7A21A006FCA0E /* BC11Padding.swift in Sources */,
				9EC1C09E2A3F9BB800FA8A16 /* BC43TabView.swift in Sources */,
				9EC1C0922A3F812E00FA8A16 /* BC37Switch.swift in Sources */,
				9E9F96C12A088D1D009C11EC /* BC30Navigation.swift in Sources */,
				9E09DA4B2A47AFAA00D3691A /* BC58SwipeActions.swift in Sources */,
				9E09DA472A478C4B00D3691A /* BC55SystemMaterials.swift in Sources */,
				9E09DA4F2A48A56A00D3691A /* BC60FocusState.swift in Sources */,
				9E47FB172A463AAB0093A0CC /* BC51EnvironmentObject.swift in Sources */,
				9EC1C09C2A3F946600FA8A16 /* BC42Slider.swift in Sources */,
				9E47FB1E2A4751C60093A0CC /* BC53OnboardingView.swift in Sources */,
				9E48A38D29C7903D006FCA0E /* BC9Overlays.swift in Sources */,
				9E47FB222A477D0D0093A0CC /* BC54AsyncImage.swift in Sources */,
				9E48A39729C7AACD006FCA0E /* BC14ForEach.swift in Sources */,
				9E48A38929C78A96006FCA0E /* BC7Images.swift in Sources */,
				9E48A38329C766CC006FCA0E /* BC4Color.swift in Sources */,
				9EC1C0982A3F8FF000FA8A16 /* BC40DatePicker.swift in Sources */,
				9EE48E0E29C8ACCC00492FCB /* BC17SafeArea.swift in Sources */,
				9EC1C0942A3F825200FA8A16 /* BC38Picker.swift in Sources */,
				9EC1C0962A3F8A7B00FA8A16 /* BC39ColorPicker.swift in Sources */,
				9EC1C0AA2A41014400FA8A16 /* BC49CustomModels.swift in Sources */,
				9E09DA532A48D19900D3691A /* BC62NavigationStack.swift in Sources */,
				9E47FB192A4640750093A0CC /* BC52AppStorage.swift in Sources */,
				9EC1C0902A3F7EFE00FA8A16 /* BC36TextEditor.swift in Sources */,
				9EC1C0A82A40FFE200FA8A16 /* BC48TapGesture.swift in Sources */,
				9EC1C0A62A40FD6D00FA8A16 /* BC47IfLetGuard.swift in Sources */,
				9E47FB1C2A47511D0093A0CC /* BC53IntroView.swift in Sources */,
				9E9F96BF2A08882C009C11EC /* BC29Popover.swift in Sources */,
				9E47FB202A4764D70093A0CC /* BC53ProfileView.swift in Sources */,
				9EE48E1429C8C2F100492FCB /* BC20ExtractFunctions.swift in Sources */,
				9EC1C0A02A40CA4C00FA8A16 /* BC44DarkMode.swift in Sources */,
				9E9F96BB2A05DB9F009C11EC /* BC28FullScreenCover.swift in Sources */,
				9EE48E1829C8C5E400492FCB /* BC22Binding.swift in Sources */,
				9E51D4CF2A3E4596005467A1 /* BC35TextField.swift in Sources */,
				9E48A38729C787FE006FCA0E /* BC6Icons.swift in Sources */,
				9E48A37029C75E85006FCA0E /* SwiftUILessonsApp.swift in Sources */,
				9EC1C0AC2A41293700FA8A16 /* BC50StateObservableObject.swift in Sources */,
				9E48A39529C7A8A3006FCA0E /* BC13InitsEnums.swift in Sources */,
				9EC1C09A2A3F92E700FA8A16 /* BC41Stepper.swift in Sources */,
			);
			runOnlyForDeploymentPostprocessing = 0;
		};
/* End PBXSourcesBuildPhase section */

/* Begin XCBuildConfiguration section */
		9E48A37829C75E86006FCA0E /* Debug */ = {
			isa = XCBuildConfiguration;
			buildSettings = {
				ALWAYS_SEARCH_USER_PATHS = NO;
				CLANG_ANALYZER_NONNULL = YES;
				CLANG_ANALYZER_NUMBER_OBJECT_CONVERSION = YES_AGGRESSIVE;
				CLANG_CXX_LANGUAGE_STANDARD = "gnu++20";
				CLANG_ENABLE_MODULES = YES;
				CLANG_ENABLE_OBJC_ARC = YES;
				CLANG_ENABLE_OBJC_WEAK = YES;
				CLANG_WARN_BLOCK_CAPTURE_AUTORELEASING = YES;
				CLANG_WARN_BOOL_CONVERSION = YES;
				CLANG_WARN_COMMA = YES;
				CLANG_WARN_CONSTANT_CONVERSION = YES;
				CLANG_WARN_DEPRECATED_OBJC_IMPLEMENTATIONS = YES;
				CLANG_WARN_DIRECT_OBJC_ISA_USAGE = YES_ERROR;
				CLANG_WARN_DOCUMENTATION_COMMENTS = YES;
				CLANG_WARN_EMPTY_BODY = YES;
				CLANG_WARN_ENUM_CONVERSION = YES;
				CLANG_WARN_INFINITE_RECURSION = YES;
				CLANG_WARN_INT_CONVERSION = YES;
				CLANG_WARN_NON_LITERAL_NULL_CONVERSION = YES;
				CLANG_WARN_OBJC_IMPLICIT_RETAIN_SELF = YES;
				CLANG_WARN_OBJC_LITERAL_CONVERSION = YES;
				CLANG_WARN_OBJC_ROOT_CLASS = YES_ERROR;
				CLANG_WARN_QUOTED_INCLUDE_IN_FRAMEWORK_HEADER = YES;
				CLANG_WARN_RANGE_LOOP_ANALYSIS = YES;
				CLANG_WARN_STRICT_PROTOTYPES = YES;
				CLANG_WARN_SUSPICIOUS_MOVE = YES;
				CLANG_WARN_UNGUARDED_AVAILABILITY = YES_AGGRESSIVE;
				CLANG_WARN_UNREACHABLE_CODE = YES;
				CLANG_WARN__DUPLICATE_METHOD_MATCH = YES;
				COPY_PHASE_STRIP = NO;
				DEBUG_INFORMATION_FORMAT = dwarf;
				ENABLE_STRICT_OBJC_MSGSEND = YES;
				ENABLE_TESTABILITY = YES;
				GCC_C_LANGUAGE_STANDARD = gnu11;
				GCC_DYNAMIC_NO_PIC = NO;
				GCC_NO_COMMON_BLOCKS = YES;
				GCC_OPTIMIZATION_LEVEL = 0;
				GCC_PREPROCESSOR_DEFINITIONS = (
					"DEBUG=1",
					"$(inherited)",
				);
				GCC_WARN_64_TO_32_BIT_CONVERSION = YES;
				GCC_WARN_ABOUT_RETURN_TYPE = YES_ERROR;
				GCC_WARN_UNDECLARED_SELECTOR = YES;
				GCC_WARN_UNINITIALIZED_AUTOS = YES_AGGRESSIVE;
				GCC_WARN_UNUSED_FUNCTION = YES;
				GCC_WARN_UNUSED_VARIABLE = YES;
				IPHONEOS_DEPLOYMENT_TARGET = 16.1;
				MTL_ENABLE_DEBUG_INFO = INCLUDE_SOURCE;
				MTL_FAST_MATH = YES;
				ONLY_ACTIVE_ARCH = YES;
				SDKROOT = iphoneos;
				SWIFT_ACTIVE_COMPILATION_CONDITIONS = DEBUG;
				SWIFT_OPTIMIZATION_LEVEL = "-Onone";
			};
			name = Debug;
		};
		9E48A37929C75E86006FCA0E /* Release */ = {
			isa = XCBuildConfiguration;
			buildSettings = {
				ALWAYS_SEARCH_USER_PATHS = NO;
				CLANG_ANALYZER_NONNULL = YES;
				CLANG_ANALYZER_NUMBER_OBJECT_CONVERSION = YES_AGGRESSIVE;
				CLANG_CXX_LANGUAGE_STANDARD = "gnu++20";
				CLANG_ENABLE_MODULES = YES;
				CLANG_ENABLE_OBJC_ARC = YES;
				CLANG_ENABLE_OBJC_WEAK = YES;
				CLANG_WARN_BLOCK_CAPTURE_AUTORELEASING = YES;
				CLANG_WARN_BOOL_CONVERSION = YES;
				CLANG_WARN_COMMA = YES;
				CLANG_WARN_CONSTANT_CONVERSION = YES;
				CLANG_WARN_DEPRECATED_OBJC_IMPLEMENTATIONS = YES;
				CLANG_WARN_DIRECT_OBJC_ISA_USAGE = YES_ERROR;
				CLANG_WARN_DOCUMENTATION_COMMENTS = YES;
				CLANG_WARN_EMPTY_BODY = YES;
				CLANG_WARN_ENUM_CONVERSION = YES;
				CLANG_WARN_INFINITE_RECURSION = YES;
				CLANG_WARN_INT_CONVERSION = YES;
				CLANG_WARN_NON_LITERAL_NULL_CONVERSION = YES;
				CLANG_WARN_OBJC_IMPLICIT_RETAIN_SELF = YES;
				CLANG_WARN_OBJC_LITERAL_CONVERSION = YES;
				CLANG_WARN_OBJC_ROOT_CLASS = YES_ERROR;
				CLANG_WARN_QUOTED_INCLUDE_IN_FRAMEWORK_HEADER = YES;
				CLANG_WARN_RANGE_LOOP_ANALYSIS = YES;
				CLANG_WARN_STRICT_PROTOTYPES = YES;
				CLANG_WARN_SUSPICIOUS_MOVE = YES;
				CLANG_WARN_UNGUARDED_AVAILABILITY = YES_AGGRESSIVE;
				CLANG_WARN_UNREACHABLE_CODE = YES;
				CLANG_WARN__DUPLICATE_METHOD_MATCH = YES;
				COPY_PHASE_STRIP = NO;
				DEBUG_INFORMATION_FORMAT = "dwarf-with-dsym";
				ENABLE_NS_ASSERTIONS = NO;
				ENABLE_STRICT_OBJC_MSGSEND = YES;
				GCC_C_LANGUAGE_STANDARD = gnu11;
				GCC_NO_COMMON_BLOCKS = YES;
				GCC_WARN_64_TO_32_BIT_CONVERSION = YES;
				GCC_WARN_ABOUT_RETURN_TYPE = YES_ERROR;
				GCC_WARN_UNDECLARED_SELECTOR = YES;
				GCC_WARN_UNINITIALIZED_AUTOS = YES_AGGRESSIVE;
				GCC_WARN_UNUSED_FUNCTION = YES;
				GCC_WARN_UNUSED_VARIABLE = YES;
				IPHONEOS_DEPLOYMENT_TARGET = 16.1;
				MTL_ENABLE_DEBUG_INFO = NO;
				MTL_FAST_MATH = YES;
				SDKROOT = iphoneos;
				SWIFT_COMPILATION_MODE = wholemodule;
				SWIFT_OPTIMIZATION_LEVEL = "-O";
				VALIDATE_PRODUCT = YES;
			};
			name = Release;
		};
		9E48A37B29C75E86006FCA0E /* Debug */ = {
			isa = XCBuildConfiguration;
			buildSettings = {
				ASSETCATALOG_COMPILER_APPICON_NAME = AppIcon;
				ASSETCATALOG_COMPILER_GLOBAL_ACCENT_COLOR_NAME = AccentColor;
				CODE_SIGN_STYLE = Automatic;
				CURRENT_PROJECT_VERSION = 1;
				DEVELOPMENT_ASSET_PATHS = "\"SwiftUILessons/Preview Content\"";
				DEVELOPMENT_TEAM = MDPY9LF665;
				ENABLE_PREVIEWS = YES;
				GENERATE_INFOPLIST_FILE = YES;
				INFOPLIST_KEY_UIApplicationSceneManifest_Generation = YES;
				INFOPLIST_KEY_UIApplicationSupportsIndirectInputEvents = YES;
				INFOPLIST_KEY_UILaunchScreen_Generation = YES;
				INFOPLIST_KEY_UISupportedInterfaceOrientations_iPad = "UIInterfaceOrientationPortrait UIInterfaceOrientationPortraitUpsideDown UIInterfaceOrientationLandscapeLeft UIInterfaceOrientationLandscapeRight";
				INFOPLIST_KEY_UISupportedInterfaceOrientations_iPhone = "UIInterfaceOrientationPortrait UIInterfaceOrientationLandscapeLeft UIInterfaceOrientationLandscapeRight";
				LD_RUNPATH_SEARCH_PATHS = (
					"$(inherited)",
					"@executable_path/Frameworks",
				);
				MARKETING_VERSION = 1.0;
				PRODUCT_BUNDLE_IDENTIFIER = com.Primike.SwiftUILessons;
				PRODUCT_NAME = "$(TARGET_NAME)";
				SWIFT_EMIT_LOC_STRINGS = YES;
				SWIFT_VERSION = 5.0;
				TARGETED_DEVICE_FAMILY = "1,2";
			};
			name = Debug;
		};
		9E48A37C29C75E86006FCA0E /* Release */ = {
			isa = XCBuildConfiguration;
			buildSettings = {
				ASSETCATALOG_COMPILER_APPICON_NAME = AppIcon;
				ASSETCATALOG_COMPILER_GLOBAL_ACCENT_COLOR_NAME = AccentColor;
				CODE_SIGN_STYLE = Automatic;
				CURRENT_PROJECT_VERSION = 1;
				DEVELOPMENT_ASSET_PATHS = "\"SwiftUILessons/Preview Content\"";
				DEVELOPMENT_TEAM = MDPY9LF665;
				ENABLE_PREVIEWS = YES;
				GENERATE_INFOPLIST_FILE = YES;
				INFOPLIST_KEY_UIApplicationSceneManifest_Generation = YES;
				INFOPLIST_KEY_UIApplicationSupportsIndirectInputEvents = YES;
				INFOPLIST_KEY_UILaunchScreen_Generation = YES;
				INFOPLIST_KEY_UISupportedInterfaceOrientations_iPad = "UIInterfaceOrientationPortrait UIInterfaceOrientationPortraitUpsideDown UIInterfaceOrientationLandscapeLeft UIInterfaceOrientationLandscapeRight";
				INFOPLIST_KEY_UISupportedInterfaceOrientations_iPhone = "UIInterfaceOrientationPortrait UIInterfaceOrientationLandscapeLeft UIInterfaceOrientationLandscapeRight";
				LD_RUNPATH_SEARCH_PATHS = (
					"$(inherited)",
					"@executable_path/Frameworks",
				);
				MARKETING_VERSION = 1.0;
				PRODUCT_BUNDLE_IDENTIFIER = com.Primike.SwiftUILessons;
				PRODUCT_NAME = "$(TARGET_NAME)";
				SWIFT_EMIT_LOC_STRINGS = YES;
				SWIFT_VERSION = 5.0;
				TARGETED_DEVICE_FAMILY = "1,2";
			};
			name = Release;
		};
/* End XCBuildConfiguration section */

/* Begin XCConfigurationList section */
		9E48A36729C75E85006FCA0E /* Build configuration list for PBXProject "SwiftUILessons" */ = {
			isa = XCConfigurationList;
			buildConfigurations = (
				9E48A37829C75E86006FCA0E /* Debug */,
				9E48A37929C75E86006FCA0E /* Release */,
			);
			defaultConfigurationIsVisible = 0;
			defaultConfigurationName = Release;
		};
		9E48A37A29C75E86006FCA0E /* Build configuration list for PBXNativeTarget "SwiftUILessons" */ = {
			isa = XCConfigurationList;
			buildConfigurations = (
				9E48A37B29C75E86006FCA0E /* Debug */,
				9E48A37C29C75E86006FCA0E /* Release */,
			);
			defaultConfigurationIsVisible = 0;
			defaultConfigurationName = Release;
		};
/* End XCConfigurationList section */
	};
	rootObject = 9E48A36429C75E85006FCA0E /* Project object */;
}
