// !$*UTF8*$!
{
	archiveVersion = 1;
	classes = {
	};
	objectVersion = 56;
	objects = {

/* Begin PBXBuildFile section */
		9E09DA472A478C4B00D3691A /* BC55SystemMaterials.swift in Sources */ = {isa = PBXBuildFile; fileRef = 9E09DA462A478C4B00D3691A /* BC55SystemMaterials.swift */; };
		9E09DA492A479D6B00D3691A /* BC57ButtonStyles.swift in Sources */ = {isa = PBXBuildFile; fileRef = 9E09DA482A479D6B00D3691A /* BC57ButtonStyles.swift */; };
		9E09DA4B2A47AFAA00D3691A /* BC58SwipeActions.swift in Sources */ = {isa = PBXBuildFile; fileRef = 9E09DA4A2A47AFAA00D3691A /* BC58SwipeActions.swift */; };
		9E09DA4D2A47CC3F00D3691A /* BC59Badges.swift in Sources */ = {isa = PBXBuildFile; fileRef = 9E09DA4C2A47CC3F00D3691A /* BC59Badges.swift */; };
		9E09DA4F2A48A56A00D3691A /* BC60FocusState.swift in Sources */ = {isa = PBXBuildFile; fileRef = 9E09DA4E2A48A56A00D3691A /* BC60FocusState.swift */; };
		9E09DA512A48CE8E00D3691A /* BC61KeyboardSubmit.swift in Sources */ = {isa = PBXBuildFile; fileRef = 9E09DA502A48CE8E00D3691A /* BC61KeyboardSubmit.swift */; };
		9E09DA532A48D19900D3691A /* BC62NavigationStack.swift in Sources */ = {isa = PBXBuildFile; fileRef = 9E09DA522A48D19900D3691A /* BC62NavigationStack.swift */; };
		9E09DA552A49D33E00D3691A /* BC63Toolbar.swift in Sources */ = {isa = PBXBuildFile; fileRef = 9E09DA542A49D33E00D3691A /* BC63Toolbar.swift */; };
		9E3D2A922A3BCA4E000DC05C /* BC33ActionSheet.swift in Sources */ = {isa = PBXBuildFile; fileRef = 9E3D2A912A3BCA4E000DC05C /* BC33ActionSheet.swift */; };
		9E3FC2862A6074C700ECEE7E /* AL10ScrollViewPreferenceKey.swift in Sources */ = {isa = PBXBuildFile; fileRef = 9E3FC2852A6074C700ECEE7E /* AL10ScrollViewPreferenceKey.swift */; };
		9E3FC2892A61858700ECEE7E /* AL11CustomTabBar.swift in Sources */ = {isa = PBXBuildFile; fileRef = 9E3FC2882A61858700ECEE7E /* AL11CustomTabBar.swift */; };
		9E3FC28B2A61873E00ECEE7E /* AL11AppTabBar.swift in Sources */ = {isa = PBXBuildFile; fileRef = 9E3FC28A2A61873E00ECEE7E /* AL11AppTabBar.swift */; };
		9E3FC28D2A61B02100ECEE7E /* AL11TabBarContainer.swift in Sources */ = {isa = PBXBuildFile; fileRef = 9E3FC28C2A61B02100ECEE7E /* AL11TabBarContainer.swift */; };
		9E3FC28F2A6200CF00ECEE7E /* AL11TabBarPreferenceKey.swift in Sources */ = {isa = PBXBuildFile; fileRef = 9E3FC28E2A6200CF00ECEE7E /* AL11TabBarPreferenceKey.swift */; };
		9E3FC2912A6219FD00ECEE7E /* AL11TabBarItem.swift in Sources */ = {isa = PBXBuildFile; fileRef = 9E3FC2902A6219FD00ECEE7E /* AL11TabBarItem.swift */; };
		9E3FC2942A62DFE900ECEE7E /* AL12AppNavBar.swift in Sources */ = {isa = PBXBuildFile; fileRef = 9E3FC2932A62DFE900ECEE7E /* AL12AppNavBar.swift */; };
		9E3FC2962A62E09200ECEE7E /* AL12CustomNavBar.swift in Sources */ = {isa = PBXBuildFile; fileRef = 9E3FC2952A62E09200ECEE7E /* AL12CustomNavBar.swift */; };
		9E3FC2992A62E2F700ECEE7E /* AL12CustomNavBarContainer.swift in Sources */ = {isa = PBXBuildFile; fileRef = 9E3FC2982A62E2F700ECEE7E /* AL12CustomNavBarContainer.swift */; };
		9E3FC29B2A62E43900ECEE7E /* AL12CustomNavView.swift in Sources */ = {isa = PBXBuildFile; fileRef = 9E3FC29A2A62E43900ECEE7E /* AL12CustomNavView.swift */; };
		9E3FC29D2A62E5A100ECEE7E /* AL12CustomNavLink.swift in Sources */ = {isa = PBXBuildFile; fileRef = 9E3FC29C2A62E5A100ECEE7E /* AL12CustomNavLink.swift */; };
		9E3FC29F2A630CB600ECEE7E /* AL12NavBarPreferenceKey.swift in Sources */ = {isa = PBXBuildFile; fileRef = 9E3FC29E2A630CB600ECEE7E /* AL12NavBarPreferenceKey.swift */; };
		9E3FC2A12A6332A400ECEE7E /* AL13UIViewRepresentable.swift in Sources */ = {isa = PBXBuildFile; fileRef = 9E3FC2A02A6332A400ECEE7E /* AL13UIViewRepresentable.swift */; };
		9E3FC2A32A636BB000ECEE7E /* AL14UIViewControllerRepresentable.swift in Sources */ = {isa = PBXBuildFile; fileRef = 9E3FC2A22A636BB000ECEE7E /* AL14UIViewControllerRepresentable.swift */; };
		9E3FC2A52A64507900ECEE7E /* AL15Protocols.swift in Sources */ = {isa = PBXBuildFile; fileRef = 9E3FC2A42A64507900ECEE7E /* AL15Protocols.swift */; };
		9E3FC2A72A64622E00ECEE7E /* AL16DependencyInjection.swift in Sources */ = {isa = PBXBuildFile; fileRef = 9E3FC2A62A64622E00ECEE7E /* AL16DependencyInjection.swift */; };
		9E45F6802A578CE8004D0077 /* SC4Task.swift in Sources */ = {isa = PBXBuildFile; fileRef = 9E45F67F2A578CE8004D0077 /* SC4Task.swift */; };
		9E47FB172A463AAB0093A0CC /* BC51EnvironmentObject.swift in Sources */ = {isa = PBXBuildFile; fileRef = 9E47FB162A463AAB0093A0CC /* BC51EnvironmentObject.swift */; };
		9E47FB192A4640750093A0CC /* BC52AppStorage.swift in Sources */ = {isa = PBXBuildFile; fileRef = 9E47FB182A4640750093A0CC /* BC52AppStorage.swift */; };
		9E47FB1C2A47511D0093A0CC /* BC53IntroView.swift in Sources */ = {isa = PBXBuildFile; fileRef = 9E47FB1B2A47511D0093A0CC /* BC53IntroView.swift */; };
		9E47FB1E2A4751C60093A0CC /* BC53OnboardingView.swift in Sources */ = {isa = PBXBuildFile; fileRef = 9E47FB1D2A4751C60093A0CC /* BC53OnboardingView.swift */; };
		9E47FB202A4764D70093A0CC /* BC53ProfileView.swift in Sources */ = {isa = PBXBuildFile; fileRef = 9E47FB1F2A4764D70093A0CC /* BC53ProfileView.swift */; };
		9E47FB222A477D0D0093A0CC /* BC54AsyncImage.swift in Sources */ = {isa = PBXBuildFile; fileRef = 9E47FB212A477D0D0093A0CC /* BC54AsyncImage.swift */; };
		9E48A37029C75E85006FCA0E /* SwiftLessonsApp.swift in Sources */ = {isa = PBXBuildFile; fileRef = 9E48A36F29C75E85006FCA0E /* SwiftLessonsApp.swift */; };
		9E48A37229C75E85006FCA0E /* ContentView.swift in Sources */ = {isa = PBXBuildFile; fileRef = 9E48A37129C75E85006FCA0E /* ContentView.swift */; };
		9E48A37429C75E86006FCA0E /* Assets.xcassets in Resources */ = {isa = PBXBuildFile; fileRef = 9E48A37329C75E86006FCA0E /* Assets.xcassets */; };
		9E48A37729C75E86006FCA0E /* Preview Assets.xcassets in Resources */ = {isa = PBXBuildFile; fileRef = 9E48A37629C75E86006FCA0E /* Preview Assets.xcassets */; };
		9E48A37F29C75F44006FCA0E /* BC2Text.swift in Sources */ = {isa = PBXBuildFile; fileRef = 9E48A37E29C75F44006FCA0E /* BC2Text.swift */; };
		9E48A38129C76470006FCA0E /* BC3Shapes.swift in Sources */ = {isa = PBXBuildFile; fileRef = 9E48A38029C76470006FCA0E /* BC3Shapes.swift */; };
		9E48A38329C766CC006FCA0E /* BC4Color.swift in Sources */ = {isa = PBXBuildFile; fileRef = 9E48A38229C766CC006FCA0E /* BC4Color.swift */; };
		9E48A38529C768E0006FCA0E /* BC5Gradients.swift in Sources */ = {isa = PBXBuildFile; fileRef = 9E48A38429C768E0006FCA0E /* BC5Gradients.swift */; };
		9E48A38729C787FE006FCA0E /* BC6Icons.swift in Sources */ = {isa = PBXBuildFile; fileRef = 9E48A38629C787FE006FCA0E /* BC6Icons.swift */; };
		9E48A38929C78A96006FCA0E /* BC7Images.swift in Sources */ = {isa = PBXBuildFile; fileRef = 9E48A38829C78A96006FCA0E /* BC7Images.swift */; };
		9E48A38B29C78C0A006FCA0E /* BC8Frames.swift in Sources */ = {isa = PBXBuildFile; fileRef = 9E48A38A29C78C0A006FCA0E /* BC8Frames.swift */; };
		9E48A38D29C7903D006FCA0E /* BC9Overlays.swift in Sources */ = {isa = PBXBuildFile; fileRef = 9E48A38C29C7903D006FCA0E /* BC9Overlays.swift */; };
		9E48A38F29C799DB006FCA0E /* BC10VHZStacks.swift in Sources */ = {isa = PBXBuildFile; fileRef = 9E48A38E29C799DB006FCA0E /* BC10VHZStacks.swift */; };
		9E48A39129C7A21A006FCA0E /* BC11Padding.swift in Sources */ = {isa = PBXBuildFile; fileRef = 9E48A39029C7A21A006FCA0E /* BC11Padding.swift */; };
		9E48A39329C7A402006FCA0E /* BC12Spacer.swift in Sources */ = {isa = PBXBuildFile; fileRef = 9E48A39229C7A402006FCA0E /* BC12Spacer.swift */; };
		9E48A39529C7A8A3006FCA0E /* BC13InitsEnums.swift in Sources */ = {isa = PBXBuildFile; fileRef = 9E48A39429C7A8A3006FCA0E /* BC13InitsEnums.swift */; };
		9E48A39729C7AACD006FCA0E /* BC14ForEach.swift in Sources */ = {isa = PBXBuildFile; fileRef = 9E48A39629C7AACD006FCA0E /* BC14ForEach.swift */; };
		9E4998222A5738FD0030595A /* SC1DoCatchThrow.swift in Sources */ = {isa = PBXBuildFile; fileRef = 9E4998212A5738FD0030595A /* SC1DoCatchThrow.swift */; };
		9E4998242A574DD70030595A /* SC3AsyncAwait.swift in Sources */ = {isa = PBXBuildFile; fileRef = 9E4998232A574DD70030595A /* SC3AsyncAwait.swift */; };
		9E4B813F2A4B6141004A7DCD /* BC64ResizableSheets.swift in Sources */ = {isa = PBXBuildFile; fileRef = 9E4B813E2A4B6141004A7DCD /* BC64ResizableSheets.swift */; };
		9E4B81412A4C6246004A7DCD /* BC65SafeAreaInserts.swift in Sources */ = {isa = PBXBuildFile; fileRef = 9E4B81402A4C6246004A7DCD /* BC65SafeAreaInserts.swift */; };
		9E4B81452A4C6CC8004A7DCD /* CL1LongPressGesture.swift in Sources */ = {isa = PBXBuildFile; fileRef = 9E4B81442A4C6CC8004A7DCD /* CL1LongPressGesture.swift */; };
		9E4B81472A4C7DFF004A7DCD /* CL2MagnificationGesture.swift in Sources */ = {isa = PBXBuildFile; fileRef = 9E4B81462A4C7DFF004A7DCD /* CL2MagnificationGesture.swift */; };
		9E51D4CD2A3E3EFF005467A1 /* BC34ContextMenu.swift in Sources */ = {isa = PBXBuildFile; fileRef = 9E51D4CC2A3E3EFF005467A1 /* BC34ContextMenu.swift */; };
		9E51D4CF2A3E4596005467A1 /* BC35TextField.swift in Sources */ = {isa = PBXBuildFile; fileRef = 9E51D4CE2A3E4595005467A1 /* BC35TextField.swift */; };
		9E7D2ECC2A0DBCB100CDE614 /* BC31EditLists.swift in Sources */ = {isa = PBXBuildFile; fileRef = 9E7D2ECB2A0DBCB100CDE614 /* BC31EditLists.swift */; };
		9E832EDE2A6892D300A49E7E /* SwiftBasics.swift in Sources */ = {isa = PBXBuildFile; fileRef = 9E832EDD2A6892D300A49E7E /* SwiftBasics.swift */; };
		9E97B8302A56FC7D005FB32E /* SC2DownloadImage.swift in Sources */ = {isa = PBXBuildFile; fileRef = 9E97B82F2A56FC7D005FB32E /* SC2DownloadImage.swift */; };
		9E9F96BB2A05DB9F009C11EC /* BC28FullScreenCover.swift in Sources */ = {isa = PBXBuildFile; fileRef = 9E9F96BA2A05DB9F009C11EC /* BC28FullScreenCover.swift */; };
		9E9F96BF2A08882C009C11EC /* BC29Popover.swift in Sources */ = {isa = PBXBuildFile; fileRef = 9E9F96BE2A08882C009C11EC /* BC29Popover.swift */; };
		9E9F96C12A088D1D009C11EC /* BC30Navigation.swift in Sources */ = {isa = PBXBuildFile; fileRef = 9E9F96C02A088D1D009C11EC /* BC30Navigation.swift */; };
		9EA015BD29C7E01000E21971 /* BC15ScrollView.swift in Sources */ = {isa = PBXBuildFile; fileRef = 9EA015BC29C7E01000E21971 /* BC15ScrollView.swift */; };
		9EB4F3062A51E87A00666693 /* CL3RotationGesture.swift in Sources */ = {isa = PBXBuildFile; fileRef = 9EB4F3052A51E87A00666693 /* CL3RotationGesture.swift */; };
		9EB4F3082A51EA2700666693 /* CL4DragGesture.swift in Sources */ = {isa = PBXBuildFile; fileRef = 9EB4F3072A51EA2700666693 /* CL4DragGesture.swift */; };
		9EBE410C2A57960E00428C8A /* SC5AsyncLet.swift in Sources */ = {isa = PBXBuildFile; fileRef = 9EBE410B2A57960E00428C8A /* SC5AsyncLet.swift */; };
		9EC1C0902A3F7EFE00FA8A16 /* BC36TextEditor.swift in Sources */ = {isa = PBXBuildFile; fileRef = 9EC1C08F2A3F7EFE00FA8A16 /* BC36TextEditor.swift */; };
		9EC1C0922A3F812E00FA8A16 /* BC37Switch.swift in Sources */ = {isa = PBXBuildFile; fileRef = 9EC1C0912A3F812E00FA8A16 /* BC37Switch.swift */; };
		9EC1C0942A3F825200FA8A16 /* BC38Picker.swift in Sources */ = {isa = PBXBuildFile; fileRef = 9EC1C0932A3F825200FA8A16 /* BC38Picker.swift */; };
		9EC1C0962A3F8A7B00FA8A16 /* BC39ColorPicker.swift in Sources */ = {isa = PBXBuildFile; fileRef = 9EC1C0952A3F8A7B00FA8A16 /* BC39ColorPicker.swift */; };
		9EC1C0982A3F8FF000FA8A16 /* BC40DatePicker.swift in Sources */ = {isa = PBXBuildFile; fileRef = 9EC1C0972A3F8FF000FA8A16 /* BC40DatePicker.swift */; };
		9EC1C09A2A3F92E700FA8A16 /* BC41Stepper.swift in Sources */ = {isa = PBXBuildFile; fileRef = 9EC1C0992A3F92E700FA8A16 /* BC41Stepper.swift */; };
		9EC1C09C2A3F946600FA8A16 /* BC42Slider.swift in Sources */ = {isa = PBXBuildFile; fileRef = 9EC1C09B2A3F946600FA8A16 /* BC42Slider.swift */; };
		9EC1C09E2A3F9BB800FA8A16 /* BC43TabView.swift in Sources */ = {isa = PBXBuildFile; fileRef = 9EC1C09D2A3F9BB800FA8A16 /* BC43TabView.swift */; };
		9EC1C0A02A40CA4C00FA8A16 /* BC44DarkMode.swift in Sources */ = {isa = PBXBuildFile; fileRef = 9EC1C09F2A40CA4C00FA8A16 /* BC44DarkMode.swift */; };
		9EC1C0A42A40F8F200FA8A16 /* BC46OnAppear.swift in Sources */ = {isa = PBXBuildFile; fileRef = 9EC1C0A32A40F8F200FA8A16 /* BC46OnAppear.swift */; };
		9EC1C0A62A40FD6D00FA8A16 /* BC47IfLetGuard.swift in Sources */ = {isa = PBXBuildFile; fileRef = 9EC1C0A52A40FD6D00FA8A16 /* BC47IfLetGuard.swift */; };
		9EC1C0A82A40FFE200FA8A16 /* BC48TapGesture.swift in Sources */ = {isa = PBXBuildFile; fileRef = 9EC1C0A72A40FFE200FA8A16 /* BC48TapGesture.swift */; };
		9EC1C0AA2A41014400FA8A16 /* BC49CustomModels.swift in Sources */ = {isa = PBXBuildFile; fileRef = 9EC1C0A92A41014400FA8A16 /* BC49CustomModels.swift */; };
		9EC1C0AC2A41293700FA8A16 /* BC50StateObservableObject.swift in Sources */ = {isa = PBXBuildFile; fileRef = 9EC1C0AB2A41293700FA8A16 /* BC50StateObservableObject.swift */; };
		9EE48E0C29C8A88200492FCB /* BC16GridItems.swift in Sources */ = {isa = PBXBuildFile; fileRef = 9EE48E0B29C8A88200492FCB /* BC16GridItems.swift */; };
		9EE48E0E29C8ACCC00492FCB /* BC17SafeArea.swift in Sources */ = {isa = PBXBuildFile; fileRef = 9EE48E0D29C8ACCC00492FCB /* BC17SafeArea.swift */; };
		9EE48E1029C8B3B900492FCB /* BC18Buttons.swift in Sources */ = {isa = PBXBuildFile; fileRef = 9EE48E0F29C8B3B900492FCB /* BC18Buttons.swift */; };
		9EE48E1229C8B5AB00492FCB /* BC19State.swift in Sources */ = {isa = PBXBuildFile; fileRef = 9EE48E1129C8B5AB00492FCB /* BC19State.swift */; };
		9EE48E1429C8C2F100492FCB /* BC20ExtractFunctions.swift in Sources */ = {isa = PBXBuildFile; fileRef = 9EE48E1329C8C2F100492FCB /* BC20ExtractFunctions.swift */; };
		9EE48E1629C8C48500492FCB /* BC21ExtractViews.swift in Sources */ = {isa = PBXBuildFile; fileRef = 9EE48E1529C8C48500492FCB /* BC21ExtractViews.swift */; };
		9EE48E1829C8C5E400492FCB /* BC22Binding.swift in Sources */ = {isa = PBXBuildFile; fileRef = 9EE48E1729C8C5E400492FCB /* BC22Binding.swift */; };
		9EE6ABCE2A58BBA1004FD078 /* SC6TaskGroup.swift in Sources */ = {isa = PBXBuildFile; fileRef = 9EE6ABCD2A58BBA1004FD078 /* SC6TaskGroup.swift */; };
		9EE6ABD02A58D8F1004FD078 /* SC7Continuations.swift in Sources */ = {isa = PBXBuildFile; fileRef = 9EE6ABCF2A58D8F1004FD078 /* SC7Continuations.swift */; };
		9EE6ABD22A59A584004FD078 /* SC8StructClassActor.swift in Sources */ = {isa = PBXBuildFile; fileRef = 9EE6ABD12A59A584004FD078 /* SC8StructClassActor.swift */; };
		9EE6ABD62A5A1F57004FD078 /* SC9Actors.swift in Sources */ = {isa = PBXBuildFile; fileRef = 9EE6ABD52A5A1F57004FD078 /* SC9Actors.swift */; };
		9EE6ABD82A5AFC09004FD078 /* SC10GlobalActors.swift in Sources */ = {isa = PBXBuildFile; fileRef = 9EE6ABD72A5AFC09004FD078 /* SC10GlobalActors.swift */; };
		9EE6ABDA2A5C729A004FD078 /* SC11Sendable.swift in Sources */ = {isa = PBXBuildFile; fileRef = 9EE6ABD92A5C729A004FD078 /* SC11Sendable.swift */; };
		9EE6ABDC2A5C9257004FD078 /* SC12AsyncPublisher.swift in Sources */ = {isa = PBXBuildFile; fileRef = 9EE6ABDB2A5C9257004FD078 /* SC12AsyncPublisher.swift */; };
		9EE6ABDF2A5C9C89004FD078 /* AL1ViewModifiers.swift in Sources */ = {isa = PBXBuildFile; fileRef = 9EE6ABDE2A5C9C89004FD078 /* AL1ViewModifiers.swift */; };
		9EE6ABE12A5CA019004FD078 /* AL2ButtonStyles.swift in Sources */ = {isa = PBXBuildFile; fileRef = 9EE6ABE02A5CA019004FD078 /* AL2ButtonStyles.swift */; };
		9EE6ABE32A5CAC7C004FD078 /* AL3Transitions.swift in Sources */ = {isa = PBXBuildFile; fileRef = 9EE6ABE22A5CAC7C004FD078 /* AL3Transitions.swift */; };
		9EE6ABE52A5CD8FC004FD078 /* AL4MatchedGeometryEffect.swift in Sources */ = {isa = PBXBuildFile; fileRef = 9EE6ABE42A5CD8FC004FD078 /* AL4MatchedGeometryEffect.swift */; };
		9EE6ABE72A5CDCEF004FD078 /* AL5CustomShapes.swift in Sources */ = {isa = PBXBuildFile; fileRef = 9EE6ABE62A5CDCEF004FD078 /* AL5CustomShapes.swift */; };
		9EE6ABE92A5DA881004FD078 /* AL6CustomCurves.swift in Sources */ = {isa = PBXBuildFile; fileRef = 9EE6ABE82A5DA881004FD078 /* AL6CustomCurves.swift */; };
		9EE6ABEB2A5DCF8B004FD078 /* AL7AnimateableData.swift in Sources */ = {isa = PBXBuildFile; fileRef = 9EE6ABEA2A5DCF8B004FD078 /* AL7AnimateableData.swift */; };
		9EE6ABED2A5DEBF5004FD078 /* AL8Generics.swift in Sources */ = {isa = PBXBuildFile; fileRef = 9EE6ABEC2A5DEBF5004FD078 /* AL8Generics.swift */; };
		9EE6ABEF2A5E19CA004FD078 /* AL9ViewBuilder.swift in Sources */ = {isa = PBXBuildFile; fileRef = 9EE6ABEE2A5E19CA004FD078 /* AL9ViewBuilder.swift */; };
		9EE6ABF12A5EFDD2004FD078 /* AL10PreferenceKey.swift in Sources */ = {isa = PBXBuildFile; fileRef = 9EE6ABF02A5EFDD2004FD078 /* AL10PreferenceKey.swift */; };
		9EE6ABF42A603176004FD078 /* AL10GeometryPreference.swift in Sources */ = {isa = PBXBuildFile; fileRef = 9EE6ABF32A603176004FD078 /* AL10GeometryPreference.swift */; };
		9EEA9D702A546A460080B2FB /* CL5ScrollViewReader.swift in Sources */ = {isa = PBXBuildFile; fileRef = 9EEA9D6F2A546A460080B2FB /* CL5ScrollViewReader.swift */; };
		9EEA9D722A546DE50080B2FB /* CL6GeometryReader.swift in Sources */ = {isa = PBXBuildFile; fileRef = 9EEA9D712A546DE50080B2FB /* CL6GeometryReader.swift */; };
		9EEA9D742A5470DC0080B2FB /* CL7MultipleSheets.swift in Sources */ = {isa = PBXBuildFile; fileRef = 9EEA9D732A5470DC0080B2FB /* CL7MultipleSheets.swift */; };
		9EEA9D762A5478340080B2FB /* CL8Mask.swift in Sources */ = {isa = PBXBuildFile; fileRef = 9EEA9D752A5478340080B2FB /* CL8Mask.swift */; };
		9EEA9D782A54856A0080B2FB /* CL9SoundEffects.swift in Sources */ = {isa = PBXBuildFile; fileRef = 9EEA9D772A54856A0080B2FB /* CL9SoundEffects.swift */; };
		9EEA9D7C2A5487850080B2FB /* tada.mp3 in Resources */ = {isa = PBXBuildFile; fileRef = 9EEA9D7A2A5487850080B2FB /* tada.mp3 */; };
		9EEA9D7D2A5487850080B2FB /* badum.mp3 in Resources */ = {isa = PBXBuildFile; fileRef = 9EEA9D7B2A5487850080B2FB /* badum.mp3 */; };
		9EEA9D7F2A5488B50080B2FB /* CL10HapticsVibrations.swift in Sources */ = {isa = PBXBuildFile; fileRef = 9EEA9D7E2A5488B50080B2FB /* CL10HapticsVibrations.swift */; };
		9EEA9D812A548A6A0080B2FB /* CL11LocalNotifications.swift in Sources */ = {isa = PBXBuildFile; fileRef = 9EEA9D802A548A6A0080B2FB /* CL11LocalNotifications.swift */; };
		9EEA9D832A54A5FD0080B2FB /* CL12Hashable.swift in Sources */ = {isa = PBXBuildFile; fileRef = 9EEA9D822A54A5FD0080B2FB /* CL12Hashable.swift */; };
		9EEA9D852A54A91F0080B2FB /* CL13SortFilterMap.swift in Sources */ = {isa = PBXBuildFile; fileRef = 9EEA9D842A54A91F0080B2FB /* CL13SortFilterMap.swift */; };
		9EEA9D882A54B2990080B2FB /* CL17MultiThreading.swift in Sources */ = {isa = PBXBuildFile; fileRef = 9EEA9D872A54B2990080B2FB /* CL17MultiThreading.swift */; };
		9EEA9D8A2A54CC2D0080B2FB /* CL18WeakSelf.swift in Sources */ = {isa = PBXBuildFile; fileRef = 9EEA9D892A54CC2D0080B2FB /* CL18WeakSelf.swift */; };
		9EEA9D8C2A550B140080B2FB /* CL19Typealias.swift in Sources */ = {isa = PBXBuildFile; fileRef = 9EEA9D8B2A550B140080B2FB /* CL19Typealias.swift */; };
		9EEA9D8E2A550C950080B2FB /* CL20Escaping.swift in Sources */ = {isa = PBXBuildFile; fileRef = 9EEA9D8D2A550C950080B2FB /* CL20Escaping.swift */; };
		9EEA9D902A55B9750080B2FB /* CL21Codable.swift in Sources */ = {isa = PBXBuildFile; fileRef = 9EEA9D8F2A55B9750080B2FB /* CL21Codable.swift */; };
		9EEA9D922A55CE090080B2FB /* CL22DownloadJSON.swift in Sources */ = {isa = PBXBuildFile; fileRef = 9EEA9D912A55CE090080B2FB /* CL22DownloadJSON.swift */; };
		9EEA9D942A55DDE60080B2FB /* CL23Combine.swift in Sources */ = {isa = PBXBuildFile; fileRef = 9EEA9D932A55DDE60080B2FB /* CL23Combine.swift */; };
		9EEA9D962A55ED860080B2FB /* CL24TimerReceive.swift in Sources */ = {isa = PBXBuildFile; fileRef = 9EEA9D952A55ED860080B2FB /* CL24TimerReceive.swift */; };
		9EEA9D982A560F520080B2FB /* CL25PublisherSubscriber.swift in Sources */ = {isa = PBXBuildFile; fileRef = 9EEA9D972A560F520080B2FB /* CL25PublisherSubscriber.swift */; };
		9EF812DA2A2275E100A15505 /* BC32ShowAlerts.swift in Sources */ = {isa = PBXBuildFile; fileRef = 9EF812D92A2275E100A15505 /* BC32ShowAlerts.swift */; };
		9EF8AA362A05B19F00BB130B /* BC23ConditionalStatements.swift in Sources */ = {isa = PBXBuildFile; fileRef = 9EF8AA352A05B19F00BB130B /* BC23ConditionalStatements.swift */; };
		9EF8AA382A05B44300BB130B /* BC24Ternary.swift in Sources */ = {isa = PBXBuildFile; fileRef = 9EF8AA372A05B44300BB130B /* BC24Ternary.swift */; };
		9EF8AA3A2A05D06400BB130B /* BC25Animations.swift in Sources */ = {isa = PBXBuildFile; fileRef = 9EF8AA392A05D06400BB130B /* BC25Animations.swift */; };
		9EF8AA3C2A05D31400BB130B /* BC26AnimationCurves.swift in Sources */ = {isa = PBXBuildFile; fileRef = 9EF8AA3B2A05D31400BB130B /* BC26AnimationCurves.swift */; };
		9EF8AA3E2A05DA1800BB130B /* BC27Transitions.swift in Sources */ = {isa = PBXBuildFile; fileRef = 9EF8AA3D2A05DA1800BB130B /* BC27Transitions.swift */; };
/* End PBXBuildFile section */

/* Begin PBXFileReference section */
		9E09DA462A478C4B00D3691A /* BC55SystemMaterials.swift */ = {isa = PBXFileReference; lastKnownFileType = sourcecode.swift; path = BC55SystemMaterials.swift; sourceTree = "<group>"; };
		9E09DA482A479D6B00D3691A /* BC57ButtonStyles.swift */ = {isa = PBXFileReference; lastKnownFileType = sourcecode.swift; path = BC57ButtonStyles.swift; sourceTree = "<group>"; };
		9E09DA4A2A47AFAA00D3691A /* BC58SwipeActions.swift */ = {isa = PBXFileReference; lastKnownFileType = sourcecode.swift; path = BC58SwipeActions.swift; sourceTree = "<group>"; };
		9E09DA4C2A47CC3F00D3691A /* BC59Badges.swift */ = {isa = PBXFileReference; lastKnownFileType = sourcecode.swift; path = BC59Badges.swift; sourceTree = "<group>"; };
		9E09DA4E2A48A56A00D3691A /* BC60FocusState.swift */ = {isa = PBXFileReference; lastKnownFileType = sourcecode.swift; path = BC60FocusState.swift; sourceTree = "<group>"; };
		9E09DA502A48CE8E00D3691A /* BC61KeyboardSubmit.swift */ = {isa = PBXFileReference; lastKnownFileType = sourcecode.swift; path = BC61KeyboardSubmit.swift; sourceTree = "<group>"; };
		9E09DA522A48D19900D3691A /* BC62NavigationStack.swift */ = {isa = PBXFileReference; lastKnownFileType = sourcecode.swift; path = BC62NavigationStack.swift; sourceTree = "<group>"; };
		9E09DA542A49D33E00D3691A /* BC63Toolbar.swift */ = {isa = PBXFileReference; lastKnownFileType = sourcecode.swift; path = BC63Toolbar.swift; sourceTree = "<group>"; };
		9E3D2A912A3BCA4E000DC05C /* BC33ActionSheet.swift */ = {isa = PBXFileReference; lastKnownFileType = sourcecode.swift; path = BC33ActionSheet.swift; sourceTree = "<group>"; };
		9E3FC2852A6074C700ECEE7E /* AL10ScrollViewPreferenceKey.swift */ = {isa = PBXFileReference; lastKnownFileType = sourcecode.swift; path = AL10ScrollViewPreferenceKey.swift; sourceTree = "<group>"; };
		9E3FC2882A61858700ECEE7E /* AL11CustomTabBar.swift */ = {isa = PBXFileReference; lastKnownFileType = sourcecode.swift; path = AL11CustomTabBar.swift; sourceTree = "<group>"; };
		9E3FC28A2A61873E00ECEE7E /* AL11AppTabBar.swift */ = {isa = PBXFileReference; lastKnownFileType = sourcecode.swift; path = AL11AppTabBar.swift; sourceTree = "<group>"; };
		9E3FC28C2A61B02100ECEE7E /* AL11TabBarContainer.swift */ = {isa = PBXFileReference; lastKnownFileType = sourcecode.swift; path = AL11TabBarContainer.swift; sourceTree = "<group>"; };
		9E3FC28E2A6200CF00ECEE7E /* AL11TabBarPreferenceKey.swift */ = {isa = PBXFileReference; lastKnownFileType = sourcecode.swift; path = AL11TabBarPreferenceKey.swift; sourceTree = "<group>"; };
		9E3FC2902A6219FD00ECEE7E /* AL11TabBarItem.swift */ = {isa = PBXFileReference; lastKnownFileType = sourcecode.swift; path = AL11TabBarItem.swift; sourceTree = "<group>"; };
		9E3FC2932A62DFE900ECEE7E /* AL12AppNavBar.swift */ = {isa = PBXFileReference; lastKnownFileType = sourcecode.swift; path = AL12AppNavBar.swift; sourceTree = "<group>"; };
		9E3FC2952A62E09200ECEE7E /* AL12CustomNavBar.swift */ = {isa = PBXFileReference; lastKnownFileType = sourcecode.swift; path = AL12CustomNavBar.swift; sourceTree = "<group>"; };
		9E3FC2982A62E2F700ECEE7E /* AL12CustomNavBarContainer.swift */ = {isa = PBXFileReference; lastKnownFileType = sourcecode.swift; path = AL12CustomNavBarContainer.swift; sourceTree = "<group>"; };
		9E3FC29A2A62E43900ECEE7E /* AL12CustomNavView.swift */ = {isa = PBXFileReference; lastKnownFileType = sourcecode.swift; path = AL12CustomNavView.swift; sourceTree = "<group>"; };
		9E3FC29C2A62E5A100ECEE7E /* AL12CustomNavLink.swift */ = {isa = PBXFileReference; lastKnownFileType = sourcecode.swift; path = AL12CustomNavLink.swift; sourceTree = "<group>"; };
		9E3FC29E2A630CB600ECEE7E /* AL12NavBarPreferenceKey.swift */ = {isa = PBXFileReference; lastKnownFileType = sourcecode.swift; path = AL12NavBarPreferenceKey.swift; sourceTree = "<group>"; };
		9E3FC2A02A6332A400ECEE7E /* AL13UIViewRepresentable.swift */ = {isa = PBXFileReference; lastKnownFileType = sourcecode.swift; path = AL13UIViewRepresentable.swift; sourceTree = "<group>"; };
		9E3FC2A22A636BB000ECEE7E /* AL14UIViewControllerRepresentable.swift */ = {isa = PBXFileReference; lastKnownFileType = sourcecode.swift; path = AL14UIViewControllerRepresentable.swift; sourceTree = "<group>"; };
		9E3FC2A42A64507900ECEE7E /* AL15Protocols.swift */ = {isa = PBXFileReference; lastKnownFileType = sourcecode.swift; path = AL15Protocols.swift; sourceTree = "<group>"; };
		9E3FC2A62A64622E00ECEE7E /* AL16DependencyInjection.swift */ = {isa = PBXFileReference; lastKnownFileType = sourcecode.swift; path = AL16DependencyInjection.swift; sourceTree = "<group>"; };
		9E45F67F2A578CE8004D0077 /* SC4Task.swift */ = {isa = PBXFileReference; lastKnownFileType = sourcecode.swift; path = SC4Task.swift; sourceTree = "<group>"; };
		9E47FB162A463AAB0093A0CC /* BC51EnvironmentObject.swift */ = {isa = PBXFileReference; lastKnownFileType = sourcecode.swift; path = BC51EnvironmentObject.swift; sourceTree = "<group>"; };
		9E47FB182A4640750093A0CC /* BC52AppStorage.swift */ = {isa = PBXFileReference; lastKnownFileType = sourcecode.swift; path = BC52AppStorage.swift; sourceTree = "<group>"; };
		9E47FB1B2A47511D0093A0CC /* BC53IntroView.swift */ = {isa = PBXFileReference; lastKnownFileType = sourcecode.swift; path = BC53IntroView.swift; sourceTree = "<group>"; };
		9E47FB1D2A4751C60093A0CC /* BC53OnboardingView.swift */ = {isa = PBXFileReference; lastKnownFileType = sourcecode.swift; path = BC53OnboardingView.swift; sourceTree = "<group>"; };
		9E47FB1F2A4764D70093A0CC /* BC53ProfileView.swift */ = {isa = PBXFileReference; lastKnownFileType = sourcecode.swift; path = BC53ProfileView.swift; sourceTree = "<group>"; };
		9E47FB212A477D0D0093A0CC /* BC54AsyncImage.swift */ = {isa = PBXFileReference; lastKnownFileType = sourcecode.swift; path = BC54AsyncImage.swift; sourceTree = "<group>"; };
		9E48A36C29C75E85006FCA0E /* SwiftLessons.app */ = {isa = PBXFileReference; explicitFileType = wrapper.application; includeInIndex = 0; path = SwiftLessons.app; sourceTree = BUILT_PRODUCTS_DIR; };
		9E48A36F29C75E85006FCA0E /* SwiftLessonsApp.swift */ = {isa = PBXFileReference; lastKnownFileType = sourcecode.swift; path = SwiftLessonsApp.swift; sourceTree = "<group>"; };
		9E48A37129C75E85006FCA0E /* ContentView.swift */ = {isa = PBXFileReference; lastKnownFileType = sourcecode.swift; path = ContentView.swift; sourceTree = "<group>"; };
		9E48A37329C75E86006FCA0E /* Assets.xcassets */ = {isa = PBXFileReference; lastKnownFileType = folder.assetcatalog; path = Assets.xcassets; sourceTree = "<group>"; };
		9E48A37629C75E86006FCA0E /* Preview Assets.xcassets */ = {isa = PBXFileReference; lastKnownFileType = folder.assetcatalog; path = "Preview Assets.xcassets"; sourceTree = "<group>"; };
		9E48A37E29C75F44006FCA0E /* BC2Text.swift */ = {isa = PBXFileReference; lastKnownFileType = sourcecode.swift; path = BC2Text.swift; sourceTree = "<group>"; };
		9E48A38029C76470006FCA0E /* BC3Shapes.swift */ = {isa = PBXFileReference; lastKnownFileType = sourcecode.swift; path = BC3Shapes.swift; sourceTree = "<group>"; };
		9E48A38229C766CC006FCA0E /* BC4Color.swift */ = {isa = PBXFileReference; lastKnownFileType = sourcecode.swift; path = BC4Color.swift; sourceTree = "<group>"; };
		9E48A38429C768E0006FCA0E /* BC5Gradients.swift */ = {isa = PBXFileReference; lastKnownFileType = sourcecode.swift; path = BC5Gradients.swift; sourceTree = "<group>"; };
		9E48A38629C787FE006FCA0E /* BC6Icons.swift */ = {isa = PBXFileReference; lastKnownFileType = sourcecode.swift; path = BC6Icons.swift; sourceTree = "<group>"; };
		9E48A38829C78A96006FCA0E /* BC7Images.swift */ = {isa = PBXFileReference; lastKnownFileType = sourcecode.swift; path = BC7Images.swift; sourceTree = "<group>"; };
		9E48A38A29C78C0A006FCA0E /* BC8Frames.swift */ = {isa = PBXFileReference; lastKnownFileType = sourcecode.swift; path = BC8Frames.swift; sourceTree = "<group>"; };
		9E48A38C29C7903D006FCA0E /* BC9Overlays.swift */ = {isa = PBXFileReference; lastKnownFileType = sourcecode.swift; path = BC9Overlays.swift; sourceTree = "<group>"; };
		9E48A38E29C799DB006FCA0E /* BC10VHZStacks.swift */ = {isa = PBXFileReference; lastKnownFileType = sourcecode.swift; path = BC10VHZStacks.swift; sourceTree = "<group>"; };
		9E48A39029C7A21A006FCA0E /* BC11Padding.swift */ = {isa = PBXFileReference; lastKnownFileType = sourcecode.swift; path = BC11Padding.swift; sourceTree = "<group>"; };
		9E48A39229C7A402006FCA0E /* BC12Spacer.swift */ = {isa = PBXFileReference; lastKnownFileType = sourcecode.swift; path = BC12Spacer.swift; sourceTree = "<group>"; };
		9E48A39429C7A8A3006FCA0E /* BC13InitsEnums.swift */ = {isa = PBXFileReference; lastKnownFileType = sourcecode.swift; path = BC13InitsEnums.swift; sourceTree = "<group>"; };
		9E48A39629C7AACD006FCA0E /* BC14ForEach.swift */ = {isa = PBXFileReference; lastKnownFileType = sourcecode.swift; path = BC14ForEach.swift; sourceTree = "<group>"; };
		9E4998212A5738FD0030595A /* SC1DoCatchThrow.swift */ = {isa = PBXFileReference; lastKnownFileType = sourcecode.swift; path = SC1DoCatchThrow.swift; sourceTree = "<group>"; };
		9E4998232A574DD70030595A /* SC3AsyncAwait.swift */ = {isa = PBXFileReference; lastKnownFileType = sourcecode.swift; path = SC3AsyncAwait.swift; sourceTree = "<group>"; };
		9E4B813E2A4B6141004A7DCD /* BC64ResizableSheets.swift */ = {isa = PBXFileReference; lastKnownFileType = sourcecode.swift; path = BC64ResizableSheets.swift; sourceTree = "<group>"; };
		9E4B81402A4C6246004A7DCD /* BC65SafeAreaInserts.swift */ = {isa = PBXFileReference; lastKnownFileType = sourcecode.swift; path = BC65SafeAreaInserts.swift; sourceTree = "<group>"; };
		9E4B81442A4C6CC8004A7DCD /* CL1LongPressGesture.swift */ = {isa = PBXFileReference; lastKnownFileType = sourcecode.swift; path = CL1LongPressGesture.swift; sourceTree = "<group>"; };
		9E4B81462A4C7DFF004A7DCD /* CL2MagnificationGesture.swift */ = {isa = PBXFileReference; lastKnownFileType = sourcecode.swift; path = CL2MagnificationGesture.swift; sourceTree = "<group>"; };
		9E51D4CC2A3E3EFF005467A1 /* BC34ContextMenu.swift */ = {isa = PBXFileReference; lastKnownFileType = sourcecode.swift; path = BC34ContextMenu.swift; sourceTree = "<group>"; };
		9E51D4CE2A3E4595005467A1 /* BC35TextField.swift */ = {isa = PBXFileReference; lastKnownFileType = sourcecode.swift; path = BC35TextField.swift; sourceTree = "<group>"; };
		9E7D2ECB2A0DBCB100CDE614 /* BC31EditLists.swift */ = {isa = PBXFileReference; lastKnownFileType = sourcecode.swift; path = BC31EditLists.swift; sourceTree = "<group>"; };
		9E832EDD2A6892D300A49E7E /* SwiftBasics.swift */ = {isa = PBXFileReference; lastKnownFileType = sourcecode.swift; path = SwiftBasics.swift; sourceTree = "<group>"; };
		9E97B82F2A56FC7D005FB32E /* SC2DownloadImage.swift */ = {isa = PBXFileReference; lastKnownFileType = sourcecode.swift; path = SC2DownloadImage.swift; sourceTree = "<group>"; };
		9E9F96BA2A05DB9F009C11EC /* BC28FullScreenCover.swift */ = {isa = PBXFileReference; lastKnownFileType = sourcecode.swift; path = BC28FullScreenCover.swift; sourceTree = "<group>"; };
		9E9F96BE2A08882C009C11EC /* BC29Popover.swift */ = {isa = PBXFileReference; lastKnownFileType = sourcecode.swift; path = BC29Popover.swift; sourceTree = "<group>"; };
		9E9F96C02A088D1D009C11EC /* BC30Navigation.swift */ = {isa = PBXFileReference; lastKnownFileType = sourcecode.swift; path = BC30Navigation.swift; sourceTree = "<group>"; };
		9EA015BC29C7E01000E21971 /* BC15ScrollView.swift */ = {isa = PBXFileReference; lastKnownFileType = sourcecode.swift; path = BC15ScrollView.swift; sourceTree = "<group>"; };
		9EB4F3052A51E87A00666693 /* CL3RotationGesture.swift */ = {isa = PBXFileReference; lastKnownFileType = sourcecode.swift; path = CL3RotationGesture.swift; sourceTree = "<group>"; };
		9EB4F3072A51EA2700666693 /* CL4DragGesture.swift */ = {isa = PBXFileReference; lastKnownFileType = sourcecode.swift; path = CL4DragGesture.swift; sourceTree = "<group>"; };
		9EBE410B2A57960E00428C8A /* SC5AsyncLet.swift */ = {isa = PBXFileReference; lastKnownFileType = sourcecode.swift; path = SC5AsyncLet.swift; sourceTree = "<group>"; };
		9EC1C08F2A3F7EFE00FA8A16 /* BC36TextEditor.swift */ = {isa = PBXFileReference; lastKnownFileType = sourcecode.swift; path = BC36TextEditor.swift; sourceTree = "<group>"; };
		9EC1C0912A3F812E00FA8A16 /* BC37Switch.swift */ = {isa = PBXFileReference; lastKnownFileType = sourcecode.swift; path = BC37Switch.swift; sourceTree = "<group>"; };
		9EC1C0932A3F825200FA8A16 /* BC38Picker.swift */ = {isa = PBXFileReference; lastKnownFileType = sourcecode.swift; path = BC38Picker.swift; sourceTree = "<group>"; };
		9EC1C0952A3F8A7B00FA8A16 /* BC39ColorPicker.swift */ = {isa = PBXFileReference; lastKnownFileType = sourcecode.swift; path = BC39ColorPicker.swift; sourceTree = "<group>"; };
		9EC1C0972A3F8FF000FA8A16 /* BC40DatePicker.swift */ = {isa = PBXFileReference; lastKnownFileType = sourcecode.swift; path = BC40DatePicker.swift; sourceTree = "<group>"; };
		9EC1C0992A3F92E700FA8A16 /* BC41Stepper.swift */ = {isa = PBXFileReference; lastKnownFileType = sourcecode.swift; path = BC41Stepper.swift; sourceTree = "<group>"; };
		9EC1C09B2A3F946600FA8A16 /* BC42Slider.swift */ = {isa = PBXFileReference; lastKnownFileType = sourcecode.swift; path = BC42Slider.swift; sourceTree = "<group>"; };
		9EC1C09D2A3F9BB800FA8A16 /* BC43TabView.swift */ = {isa = PBXFileReference; lastKnownFileType = sourcecode.swift; path = BC43TabView.swift; sourceTree = "<group>"; };
		9EC1C09F2A40CA4C00FA8A16 /* BC44DarkMode.swift */ = {isa = PBXFileReference; lastKnownFileType = sourcecode.swift; path = BC44DarkMode.swift; sourceTree = "<group>"; };
		9EC1C0A32A40F8F200FA8A16 /* BC46OnAppear.swift */ = {isa = PBXFileReference; lastKnownFileType = sourcecode.swift; path = BC46OnAppear.swift; sourceTree = "<group>"; };
		9EC1C0A52A40FD6D00FA8A16 /* BC47IfLetGuard.swift */ = {isa = PBXFileReference; lastKnownFileType = sourcecode.swift; path = BC47IfLetGuard.swift; sourceTree = "<group>"; };
		9EC1C0A72A40FFE200FA8A16 /* BC48TapGesture.swift */ = {isa = PBXFileReference; lastKnownFileType = sourcecode.swift; path = BC48TapGesture.swift; sourceTree = "<group>"; };
		9EC1C0A92A41014400FA8A16 /* BC49CustomModels.swift */ = {isa = PBXFileReference; lastKnownFileType = sourcecode.swift; path = BC49CustomModels.swift; sourceTree = "<group>"; };
		9EC1C0AB2A41293700FA8A16 /* BC50StateObservableObject.swift */ = {isa = PBXFileReference; lastKnownFileType = sourcecode.swift; path = BC50StateObservableObject.swift; sourceTree = "<group>"; };
		9EE48E0B29C8A88200492FCB /* BC16GridItems.swift */ = {isa = PBXFileReference; lastKnownFileType = sourcecode.swift; path = BC16GridItems.swift; sourceTree = "<group>"; };
		9EE48E0D29C8ACCC00492FCB /* BC17SafeArea.swift */ = {isa = PBXFileReference; lastKnownFileType = sourcecode.swift; path = BC17SafeArea.swift; sourceTree = "<group>"; };
		9EE48E0F29C8B3B900492FCB /* BC18Buttons.swift */ = {isa = PBXFileReference; lastKnownFileType = sourcecode.swift; path = BC18Buttons.swift; sourceTree = "<group>"; };
		9EE48E1129C8B5AB00492FCB /* BC19State.swift */ = {isa = PBXFileReference; lastKnownFileType = sourcecode.swift; path = BC19State.swift; sourceTree = "<group>"; };
		9EE48E1329C8C2F100492FCB /* BC20ExtractFunctions.swift */ = {isa = PBXFileReference; lastKnownFileType = sourcecode.swift; path = BC20ExtractFunctions.swift; sourceTree = "<group>"; };
		9EE48E1529C8C48500492FCB /* BC21ExtractViews.swift */ = {isa = PBXFileReference; lastKnownFileType = sourcecode.swift; path = BC21ExtractViews.swift; sourceTree = "<group>"; };
		9EE48E1729C8C5E400492FCB /* BC22Binding.swift */ = {isa = PBXFileReference; lastKnownFileType = sourcecode.swift; path = BC22Binding.swift; sourceTree = "<group>"; };
		9EE6ABCD2A58BBA1004FD078 /* SC6TaskGroup.swift */ = {isa = PBXFileReference; lastKnownFileType = sourcecode.swift; path = SC6TaskGroup.swift; sourceTree = "<group>"; };
		9EE6ABCF2A58D8F1004FD078 /* SC7Continuations.swift */ = {isa = PBXFileReference; lastKnownFileType = sourcecode.swift; path = SC7Continuations.swift; sourceTree = "<group>"; };
		9EE6ABD12A59A584004FD078 /* SC8StructClassActor.swift */ = {isa = PBXFileReference; lastKnownFileType = sourcecode.swift; path = SC8StructClassActor.swift; sourceTree = "<group>"; };
		9EE6ABD52A5A1F57004FD078 /* SC9Actors.swift */ = {isa = PBXFileReference; lastKnownFileType = sourcecode.swift; path = SC9Actors.swift; sourceTree = "<group>"; };
		9EE6ABD72A5AFC09004FD078 /* SC10GlobalActors.swift */ = {isa = PBXFileReference; lastKnownFileType = sourcecode.swift; path = SC10GlobalActors.swift; sourceTree = "<group>"; };
		9EE6ABD92A5C729A004FD078 /* SC11Sendable.swift */ = {isa = PBXFileReference; lastKnownFileType = sourcecode.swift; path = SC11Sendable.swift; sourceTree = "<group>"; };
		9EE6ABDB2A5C9257004FD078 /* SC12AsyncPublisher.swift */ = {isa = PBXFileReference; lastKnownFileType = sourcecode.swift; path = SC12AsyncPublisher.swift; sourceTree = "<group>"; };
		9EE6ABDE2A5C9C89004FD078 /* AL1ViewModifiers.swift */ = {isa = PBXFileReference; lastKnownFileType = sourcecode.swift; path = AL1ViewModifiers.swift; sourceTree = "<group>"; };
		9EE6ABE02A5CA019004FD078 /* AL2ButtonStyles.swift */ = {isa = PBXFileReference; lastKnownFileType = sourcecode.swift; path = AL2ButtonStyles.swift; sourceTree = "<group>"; };
		9EE6ABE22A5CAC7C004FD078 /* AL3Transitions.swift */ = {isa = PBXFileReference; lastKnownFileType = sourcecode.swift; path = AL3Transitions.swift; sourceTree = "<group>"; };
		9EE6ABE42A5CD8FC004FD078 /* AL4MatchedGeometryEffect.swift */ = {isa = PBXFileReference; lastKnownFileType = sourcecode.swift; path = AL4MatchedGeometryEffect.swift; sourceTree = "<group>"; };
		9EE6ABE62A5CDCEF004FD078 /* AL5CustomShapes.swift */ = {isa = PBXFileReference; lastKnownFileType = sourcecode.swift; path = AL5CustomShapes.swift; sourceTree = "<group>"; };
		9EE6ABE82A5DA881004FD078 /* AL6CustomCurves.swift */ = {isa = PBXFileReference; lastKnownFileType = sourcecode.swift; path = AL6CustomCurves.swift; sourceTree = "<group>"; };
		9EE6ABEA2A5DCF8B004FD078 /* AL7AnimateableData.swift */ = {isa = PBXFileReference; lastKnownFileType = sourcecode.swift; path = AL7AnimateableData.swift; sourceTree = "<group>"; };
		9EE6ABEC2A5DEBF5004FD078 /* AL8Generics.swift */ = {isa = PBXFileReference; lastKnownFileType = sourcecode.swift; path = AL8Generics.swift; sourceTree = "<group>"; };
		9EE6ABEE2A5E19CA004FD078 /* AL9ViewBuilder.swift */ = {isa = PBXFileReference; lastKnownFileType = sourcecode.swift; path = AL9ViewBuilder.swift; sourceTree = "<group>"; };
		9EE6ABF02A5EFDD2004FD078 /* AL10PreferenceKey.swift */ = {isa = PBXFileReference; lastKnownFileType = sourcecode.swift; path = AL10PreferenceKey.swift; sourceTree = "<group>"; };
		9EE6ABF32A603176004FD078 /* AL10GeometryPreference.swift */ = {isa = PBXFileReference; lastKnownFileType = sourcecode.swift; path = AL10GeometryPreference.swift; sourceTree = "<group>"; };
		9EEA9D6F2A546A460080B2FB /* CL5ScrollViewReader.swift */ = {isa = PBXFileReference; lastKnownFileType = sourcecode.swift; path = CL5ScrollViewReader.swift; sourceTree = "<group>"; };
		9EEA9D712A546DE50080B2FB /* CL6GeometryReader.swift */ = {isa = PBXFileReference; lastKnownFileType = sourcecode.swift; path = CL6GeometryReader.swift; sourceTree = "<group>"; };
		9EEA9D732A5470DC0080B2FB /* CL7MultipleSheets.swift */ = {isa = PBXFileReference; lastKnownFileType = sourcecode.swift; path = CL7MultipleSheets.swift; sourceTree = "<group>"; };
		9EEA9D752A5478340080B2FB /* CL8Mask.swift */ = {isa = PBXFileReference; lastKnownFileType = sourcecode.swift; path = CL8Mask.swift; sourceTree = "<group>"; };
		9EEA9D772A54856A0080B2FB /* CL9SoundEffects.swift */ = {isa = PBXFileReference; lastKnownFileType = sourcecode.swift; path = CL9SoundEffects.swift; sourceTree = "<group>"; };
		9EEA9D7A2A5487850080B2FB /* tada.mp3 */ = {isa = PBXFileReference; lastKnownFileType = audio.mp3; path = tada.mp3; sourceTree = "<group>"; };
		9EEA9D7B2A5487850080B2FB /* badum.mp3 */ = {isa = PBXFileReference; lastKnownFileType = audio.mp3; path = badum.mp3; sourceTree = "<group>"; };
		9EEA9D7E2A5488B50080B2FB /* CL10HapticsVibrations.swift */ = {isa = PBXFileReference; lastKnownFileType = sourcecode.swift; path = CL10HapticsVibrations.swift; sourceTree = "<group>"; };
		9EEA9D802A548A6A0080B2FB /* CL11LocalNotifications.swift */ = {isa = PBXFileReference; lastKnownFileType = sourcecode.swift; path = CL11LocalNotifications.swift; sourceTree = "<group>"; };
		9EEA9D822A54A5FD0080B2FB /* CL12Hashable.swift */ = {isa = PBXFileReference; lastKnownFileType = sourcecode.swift; path = CL12Hashable.swift; sourceTree = "<group>"; };
		9EEA9D842A54A91F0080B2FB /* CL13SortFilterMap.swift */ = {isa = PBXFileReference; lastKnownFileType = sourcecode.swift; path = CL13SortFilterMap.swift; sourceTree = "<group>"; };
		9EEA9D872A54B2990080B2FB /* CL17MultiThreading.swift */ = {isa = PBXFileReference; lastKnownFileType = sourcecode.swift; path = CL17MultiThreading.swift; sourceTree = "<group>"; };
		9EEA9D892A54CC2D0080B2FB /* CL18WeakSelf.swift */ = {isa = PBXFileReference; lastKnownFileType = sourcecode.swift; path = CL18WeakSelf.swift; sourceTree = "<group>"; };
		9EEA9D8B2A550B140080B2FB /* CL19Typealias.swift */ = {isa = PBXFileReference; lastKnownFileType = sourcecode.swift; path = CL19Typealias.swift; sourceTree = "<group>"; };
		9EEA9D8D2A550C950080B2FB /* CL20Escaping.swift */ = {isa = PBXFileReference; lastKnownFileType = sourcecode.swift; path = CL20Escaping.swift; sourceTree = "<group>"; };
		9EEA9D8F2A55B9750080B2FB /* CL21Codable.swift */ = {isa = PBXFileReference; lastKnownFileType = sourcecode.swift; path = CL21Codable.swift; sourceTree = "<group>"; };
		9EEA9D912A55CE090080B2FB /* CL22DownloadJSON.swift */ = {isa = PBXFileReference; lastKnownFileType = sourcecode.swift; path = CL22DownloadJSON.swift; sourceTree = "<group>"; };
		9EEA9D932A55DDE60080B2FB /* CL23Combine.swift */ = {isa = PBXFileReference; lastKnownFileType = sourcecode.swift; path = CL23Combine.swift; sourceTree = "<group>"; };
		9EEA9D952A55ED860080B2FB /* CL24TimerReceive.swift */ = {isa = PBXFileReference; lastKnownFileType = sourcecode.swift; path = CL24TimerReceive.swift; sourceTree = "<group>"; };
		9EEA9D972A560F520080B2FB /* CL25PublisherSubscriber.swift */ = {isa = PBXFileReference; lastKnownFileType = sourcecode.swift; path = CL25PublisherSubscriber.swift; sourceTree = "<group>"; };
		9EF812D92A2275E100A15505 /* BC32ShowAlerts.swift */ = {isa = PBXFileReference; lastKnownFileType = sourcecode.swift; path = BC32ShowAlerts.swift; sourceTree = "<group>"; };
		9EF8AA352A05B19F00BB130B /* BC23ConditionalStatements.swift */ = {isa = PBXFileReference; lastKnownFileType = sourcecode.swift; path = BC23ConditionalStatements.swift; sourceTree = "<group>"; };
		9EF8AA372A05B44300BB130B /* BC24Ternary.swift */ = {isa = PBXFileReference; lastKnownFileType = sourcecode.swift; path = BC24Ternary.swift; sourceTree = "<group>"; };
		9EF8AA392A05D06400BB130B /* BC25Animations.swift */ = {isa = PBXFileReference; lastKnownFileType = sourcecode.swift; path = BC25Animations.swift; sourceTree = "<group>"; };
		9EF8AA3B2A05D31400BB130B /* BC26AnimationCurves.swift */ = {isa = PBXFileReference; lastKnownFileType = sourcecode.swift; path = BC26AnimationCurves.swift; sourceTree = "<group>"; };
		9EF8AA3D2A05DA1800BB130B /* BC27Transitions.swift */ = {isa = PBXFileReference; lastKnownFileType = sourcecode.swift; path = BC27Transitions.swift; sourceTree = "<group>"; };
/* End PBXFileReference section */

/* Begin PBXFrameworksBuildPhase section */
		9E48A36929C75E85006FCA0E /* Frameworks */ = {
			isa = PBXFrameworksBuildPhase;
			buildActionMask = 2147483647;
			files = (
			);
			runOnlyForDeploymentPostprocessing = 0;
		};
/* End PBXFrameworksBuildPhase section */

/* Begin PBXGroup section */
		9E3FC2872A61855C00ECEE7E /* AL11CustomTabBar */ = {
			isa = PBXGroup;
			children = (
				9E3FC28A2A61873E00ECEE7E /* AL11AppTabBar.swift */,
				9E3FC2882A61858700ECEE7E /* AL11CustomTabBar.swift */,
				9E3FC28C2A61B02100ECEE7E /* AL11TabBarContainer.swift */,
				9E3FC28E2A6200CF00ECEE7E /* AL11TabBarPreferenceKey.swift */,
				9E3FC2902A6219FD00ECEE7E /* AL11TabBarItem.swift */,
			);
			path = AL11CustomTabBar;
			sourceTree = "<group>";
		};
		9E3FC2922A62DFC900ECEE7E /* AL12CustomNavBar */ = {
			isa = PBXGroup;
			children = (
				9E3FC2932A62DFE900ECEE7E /* AL12AppNavBar.swift */,
				9E3FC2952A62E09200ECEE7E /* AL12CustomNavBar.swift */,
				9E3FC2982A62E2F700ECEE7E /* AL12CustomNavBarContainer.swift */,
				9E3FC29A2A62E43900ECEE7E /* AL12CustomNavView.swift */,
				9E3FC29C2A62E5A100ECEE7E /* AL12CustomNavLink.swift */,
				9E3FC29E2A630CB600ECEE7E /* AL12NavBarPreferenceKey.swift */,
			);
			path = AL12CustomNavBar;
			sourceTree = "<group>";
		};
		9E3FC2CB2A6576A500ECEE7E /* Components */ = {
			isa = PBXGroup;
			children = (
				9E48A37E29C75F44006FCA0E /* BC2Text.swift */,
				9E48A38029C76470006FCA0E /* BC3Shapes.swift */,
				9E48A38629C787FE006FCA0E /* BC6Icons.swift */,
				9E48A38829C78A96006FCA0E /* BC7Images.swift */,
				9EE48E0F29C8B3B900492FCB /* BC18Buttons.swift */,
				9EF812D92A2275E100A15505 /* BC32ShowAlerts.swift */,
				9E3D2A912A3BCA4E000DC05C /* BC33ActionSheet.swift */,
				9E51D4CC2A3E3EFF005467A1 /* BC34ContextMenu.swift */,
				9E51D4CE2A3E4595005467A1 /* BC35TextField.swift */,
				9EC1C08F2A3F7EFE00FA8A16 /* BC36TextEditor.swift */,
				9EC1C0912A3F812E00FA8A16 /* BC37Switch.swift */,
				9EC1C0932A3F825200FA8A16 /* BC38Picker.swift */,
				9EC1C0952A3F8A7B00FA8A16 /* BC39ColorPicker.swift */,
				9EC1C0972A3F8FF000FA8A16 /* BC40DatePicker.swift */,
				9EC1C09B2A3F946600FA8A16 /* BC42Slider.swift */,
				9E47FB212A477D0D0093A0CC /* BC54AsyncImage.swift */,
			);
			path = Components;
			sourceTree = "<group>";
		};
		9E3FC2CC2A6576E100ECEE7E /* Decoration */ = {
			isa = PBXGroup;
			children = (
				9E48A38229C766CC006FCA0E /* BC4Color.swift */,
				9E48A38429C768E0006FCA0E /* BC5Gradients.swift */,
				9E48A39029C7A21A006FCA0E /* BC11Padding.swift */,
				9E48A39229C7A402006FCA0E /* BC12Spacer.swift */,
				9EE48E0D29C8ACCC00492FCB /* BC17SafeArea.swift */,
				9EF8AA392A05D06400BB130B /* BC25Animations.swift */,
				9EF8AA3B2A05D31400BB130B /* BC26AnimationCurves.swift */,
				9EC1C09F2A40CA4C00FA8A16 /* BC44DarkMode.swift */,
				9E09DA462A478C4B00D3691A /* BC55SystemMaterials.swift */,
				9E09DA482A479D6B00D3691A /* BC57ButtonStyles.swift */,
				9E09DA4A2A47AFAA00D3691A /* BC58SwipeActions.swift */,
				9E09DA4C2A47CC3F00D3691A /* BC59Badges.swift */,
				9E09DA4E2A48A56A00D3691A /* BC60FocusState.swift */,
				9E09DA502A48CE8E00D3691A /* BC61KeyboardSubmit.swift */,
				9E4B81402A4C6246004A7DCD /* BC65SafeAreaInserts.swift */,
			);
			path = Decoration;
			sourceTree = "<group>";
		};
		9E3FC2CD2A65772700ECEE7E /* Backgrounds */ = {
			isa = PBXGroup;
			children = (
				9E48A38A29C78C0A006FCA0E /* BC8Frames.swift */,
				9E48A38C29C7903D006FCA0E /* BC9Overlays.swift */,
				9E48A38E29C799DB006FCA0E /* BC10VHZStacks.swift */,
				9EC1C09D2A3F9BB800FA8A16 /* BC43TabView.swift */,
			);
			path = Backgrounds;
			sourceTree = "<group>";
		};
		9E3FC2CE2A65777E00ECEE7E /* Refactoring */ = {
			isa = PBXGroup;
			children = (
				9E48A39429C7A8A3006FCA0E /* BC13InitsEnums.swift */,
				9EE48E1329C8C2F100492FCB /* BC20ExtractFunctions.swift */,
				9EE48E1529C8C48500492FCB /* BC21ExtractViews.swift */,
				9EC1C0A52A40FD6D00FA8A16 /* BC47IfLetGuard.swift */,
				9EC1C0A92A41014400FA8A16 /* BC49CustomModels.swift */,
			);
			path = Refactoring;
			sourceTree = "<group>";
		};
		9E3FC2CF2A65779100ECEE7E /* Lists */ = {
			isa = PBXGroup;
			children = (
				9E48A39629C7AACD006FCA0E /* BC14ForEach.swift */,
				9EA015BC29C7E01000E21971 /* BC15ScrollView.swift */,
				9EE48E0B29C8A88200492FCB /* BC16GridItems.swift */,
				9E7D2ECB2A0DBCB100CDE614 /* BC31EditLists.swift */,
			);
			path = Lists;
			sourceTree = "<group>";
		};
		9E3FC2D02A6577E000ECEE7E /* State */ = {
			isa = PBXGroup;
			children = (
				9EE48E1129C8B5AB00492FCB /* BC19State.swift */,
				9EE48E1729C8C5E400492FCB /* BC22Binding.swift */,
				9EF8AA352A05B19F00BB130B /* BC23ConditionalStatements.swift */,
				9EF8AA372A05B44300BB130B /* BC24Ternary.swift */,
				9EC1C0992A3F92E700FA8A16 /* BC41Stepper.swift */,
				9EC1C0A32A40F8F200FA8A16 /* BC46OnAppear.swift */,
				9EC1C0A72A40FFE200FA8A16 /* BC48TapGesture.swift */,
				9EC1C0AB2A41293700FA8A16 /* BC50StateObservableObject.swift */,
				9E47FB162A463AAB0093A0CC /* BC51EnvironmentObject.swift */,
				9E47FB182A4640750093A0CC /* BC52AppStorage.swift */,
			);
			path = State;
			sourceTree = "<group>";
		};
		9E3FC2D12A65782A00ECEE7E /* Sheets */ = {
			isa = PBXGroup;
			children = (
				9EF8AA3D2A05DA1800BB130B /* BC27Transitions.swift */,
				9E9F96BA2A05DB9F009C11EC /* BC28FullScreenCover.swift */,
				9E9F96BE2A08882C009C11EC /* BC29Popover.swift */,
				9E4B813E2A4B6141004A7DCD /* BC64ResizableSheets.swift */,
			);
			path = Sheets;
			sourceTree = "<group>";
		};
		9E3FC2D22A657B5700ECEE7E /* Navigation */ = {
			isa = PBXGroup;
			children = (
				9E9F96C02A088D1D009C11EC /* BC30Navigation.swift */,
				9E09DA522A48D19900D3691A /* BC62NavigationStack.swift */,
				9E47FB1A2A4750E30093A0CC /* BC53Onboarding */,
				9E09DA542A49D33E00D3691A /* BC63Toolbar.swift */,
			);
			path = Navigation;
			sourceTree = "<group>";
		};
		9E47FB1A2A4750E30093A0CC /* BC53Onboarding */ = {
			isa = PBXGroup;
			children = (
				9E47FB1B2A47511D0093A0CC /* BC53IntroView.swift */,
				9E47FB1D2A4751C60093A0CC /* BC53OnboardingView.swift */,
				9E47FB1F2A4764D70093A0CC /* BC53ProfileView.swift */,
			);
			path = BC53Onboarding;
			sourceTree = "<group>";
		};
		9E48A36329C75E85006FCA0E = {
			isa = PBXGroup;
			children = (
				9E48A36E29C75E85006FCA0E /* SwiftLessons */,
				9E48A36D29C75E85006FCA0E /* Products */,
			);
			sourceTree = "<group>";
		};
		9E48A36D29C75E85006FCA0E /* Products */ = {
			isa = PBXGroup;
			children = (
				9E48A36C29C75E85006FCA0E /* SwiftLessons.app */,
			);
			name = Products;
			sourceTree = "<group>";
		};
		9E48A36E29C75E85006FCA0E /* SwiftLessons */ = {
			isa = PBXGroup;
			children = (
				9E48A37D29C75ECA006FCA0E /* Main */,
				9E832EDC2A68927900A49E7E /* Preview Content */,
				9E48A36F29C75E85006FCA0E /* SwiftLessonsApp.swift */,
				9EAB41DA2A688FCD00A50B3A /* SwiftfulThinking */,
				9EAB41DB2A68916B00A50B3A /* SwiftDocumentation */,
			);
			path = SwiftLessons;
			sourceTree = "<group>";
		};
		9E48A37D29C75ECA006FCA0E /* Main */ = {
			isa = PBXGroup;
			children = (
				9E48A37129C75E85006FCA0E /* ContentView.swift */,
				9E48A37329C75E86006FCA0E /* Assets.xcassets */,
				9EEA9D7B2A5487850080B2FB /* badum.mp3 */,
				9EEA9D7A2A5487850080B2FB /* tada.mp3 */,
			);
			path = Main;
			sourceTree = "<group>";
		};
		9E4B81422A4C64E2004A7DCD /* Bootcamp */ = {
			isa = PBXGroup;
			children = (
				9E3FC2CB2A6576A500ECEE7E /* Components */,
				9E3FC2CC2A6576E100ECEE7E /* Decoration */,
				9E3FC2CD2A65772700ECEE7E /* Backgrounds */,
				9E3FC2D02A6577E000ECEE7E /* State */,
				9E3FC2CF2A65779100ECEE7E /* Lists */,
				9E3FC2D22A657B5700ECEE7E /* Navigation */,
				9E3FC2D12A65782A00ECEE7E /* Sheets */,
				9E3FC2CE2A65777E00ECEE7E /* Refactoring */,
			);
			path = Bootcamp;
			sourceTree = "<group>";
		};
		9E4B81432A4C6C7D004A7DCD /* Intermediate */ = {
			isa = PBXGroup;
			children = (
				9E6623692A71F74500B22143 /* Asynchronous */,
				9E6623682A71F70200B22143 /* Theory */,
				9E6623652A71F66300B22143 /* Components */,
				9E6623642A71F61500B22143 /* Customization */,
				9E6623662A71F69300B22143 /* Sheets */,
				9E6623672A71F6C300B22143 /* Misc */,
			);
			path = Intermediate;
			sourceTree = "<group>";
		};
		9E6623642A71F61500B22143 /* Customization */ = {
			isa = PBXGroup;
			children = (
				9E4B81442A4C6CC8004A7DCD /* CL1LongPressGesture.swift */,
				9E4B81462A4C7DFF004A7DCD /* CL2MagnificationGesture.swift */,
				9EB4F3052A51E87A00666693 /* CL3RotationGesture.swift */,
				9EB4F3072A51EA2700666693 /* CL4DragGesture.swift */,
				9EEA9D952A55ED860080B2FB /* CL24TimerReceive.swift */,
			);
			path = Customization;
			sourceTree = "<group>";
		};
		9E6623652A71F66300B22143 /* Components */ = {
			isa = PBXGroup;
			children = (
				9EEA9D6F2A546A460080B2FB /* CL5ScrollViewReader.swift */,
				9EEA9D712A546DE50080B2FB /* CL6GeometryReader.swift */,
				9EEA9D752A5478340080B2FB /* CL8Mask.swift */,
			);
			path = Components;
			sourceTree = "<group>";
		};
		9E6623662A71F69300B22143 /* Sheets */ = {
			isa = PBXGroup;
			children = (
				9EEA9D732A5470DC0080B2FB /* CL7MultipleSheets.swift */,
			);
			path = Sheets;
			sourceTree = "<group>";
		};
		9E6623672A71F6C300B22143 /* Misc */ = {
			isa = PBXGroup;
			children = (
				9EEA9D772A54856A0080B2FB /* CL9SoundEffects.swift */,
				9EEA9D7E2A5488B50080B2FB /* CL10HapticsVibrations.swift */,
				9EEA9D802A548A6A0080B2FB /* CL11LocalNotifications.swift */,
			);
			path = Misc;
			sourceTree = "<group>";
		};
		9E6623682A71F70200B22143 /* Theory */ = {
			isa = PBXGroup;
			children = (
				9EEA9D822A54A5FD0080B2FB /* CL12Hashable.swift */,
				9EEA9D842A54A91F0080B2FB /* CL13SortFilterMap.swift */,
				9EEA9D872A54B2990080B2FB /* CL17MultiThreading.swift */,
				9EEA9D892A54CC2D0080B2FB /* CL18WeakSelf.swift */,
				9EEA9D8B2A550B140080B2FB /* CL19Typealias.swift */,
			);
			path = Theory;
			sourceTree = "<group>";
		};
		9E6623692A71F74500B22143 /* Asynchronous */ = {
			isa = PBXGroup;
			children = (
				9EEA9D8D2A550C950080B2FB /* CL20Escaping.swift */,
				9EEA9D8F2A55B9750080B2FB /* CL21Codable.swift */,
				9EEA9D912A55CE090080B2FB /* CL22DownloadJSON.swift */,
				9EEA9D932A55DDE60080B2FB /* CL23Combine.swift */,
				9EEA9D972A560F520080B2FB /* CL25PublisherSubscriber.swift */,
			);
			path = Asynchronous;
			sourceTree = "<group>";
		};
		9E832EDC2A68927900A49E7E /* Preview Content */ = {
			isa = PBXGroup;
			children = (
				9E48A37629C75E86006FCA0E /* Preview Assets.xcassets */,
			);
			path = "Preview Content";
			sourceTree = "<group>";
		};
		9E97B82E2A56FC27005FB32E /* Concurrency */ = {
			isa = PBXGroup;
			children = (
				9E4998212A5738FD0030595A /* SC1DoCatchThrow.swift */,
				9E97B82F2A56FC7D005FB32E /* SC2DownloadImage.swift */,
				9E4998232A574DD70030595A /* SC3AsyncAwait.swift */,
				9E45F67F2A578CE8004D0077 /* SC4Task.swift */,
				9EBE410B2A57960E00428C8A /* SC5AsyncLet.swift */,
				9EE6ABCD2A58BBA1004FD078 /* SC6TaskGroup.swift */,
				9EE6ABCF2A58D8F1004FD078 /* SC7Continuations.swift */,
				9EE6ABD12A59A584004FD078 /* SC8StructClassActor.swift */,
				9EE6ABD52A5A1F57004FD078 /* SC9Actors.swift */,
				9EE6ABD72A5AFC09004FD078 /* SC10GlobalActors.swift */,
				9EE6ABD92A5C729A004FD078 /* SC11Sendable.swift */,
				9EE6ABDB2A5C9257004FD078 /* SC12AsyncPublisher.swift */,
			);
			path = Concurrency;
			sourceTree = "<group>";
		};
		9EAB41DA2A688FCD00A50B3A /* SwiftfulThinking */ = {
			isa = PBXGroup;
			children = (
				9E4B81422A4C64E2004A7DCD /* Bootcamp */,
				9E4B81432A4C6C7D004A7DCD /* Intermediate */,
				9EE6ABDD2A5C9B76004FD078 /* Advanced */,
				9E97B82E2A56FC27005FB32E /* Concurrency */,
			);
			path = SwiftfulThinking;
			sourceTree = "<group>";
		};
		9EAB41DB2A68916B00A50B3A /* SwiftDocumentation */ = {
			isa = PBXGroup;
			children = (
				9E832EDD2A6892D300A49E7E /* SwiftBasics.swift */,
			);
			path = SwiftDocumentation;
			sourceTree = "<group>";
		};
		9EE6ABDD2A5C9B76004FD078 /* Advanced */ = {
			isa = PBXGroup;
			children = (
				9EE6ABDE2A5C9C89004FD078 /* AL1ViewModifiers.swift */,
				9EE6ABE02A5CA019004FD078 /* AL2ButtonStyles.swift */,
				9EE6ABE22A5CAC7C004FD078 /* AL3Transitions.swift */,
				9EE6ABE42A5CD8FC004FD078 /* AL4MatchedGeometryEffect.swift */,
				9EE6ABE62A5CDCEF004FD078 /* AL5CustomShapes.swift */,
				9EE6ABE82A5DA881004FD078 /* AL6CustomCurves.swift */,
				9EE6ABEA2A5DCF8B004FD078 /* AL7AnimateableData.swift */,
				9EE6ABEC2A5DEBF5004FD078 /* AL8Generics.swift */,
				9EE6ABEE2A5E19CA004FD078 /* AL9ViewBuilder.swift */,
				9EE6ABF22A603159004FD078 /* AL10PreferenceKey */,
				9E3FC2872A61855C00ECEE7E /* AL11CustomTabBar */,
				9E3FC2922A62DFC900ECEE7E /* AL12CustomNavBar */,
				9E3FC2A02A6332A400ECEE7E /* AL13UIViewRepresentable.swift */,
				9E3FC2A22A636BB000ECEE7E /* AL14UIViewControllerRepresentable.swift */,
				9E3FC2A42A64507900ECEE7E /* AL15Protocols.swift */,
				9E3FC2A62A64622E00ECEE7E /* AL16DependencyInjection.swift */,
			);
			path = Advanced;
			sourceTree = "<group>";
		};
		9EE6ABF22A603159004FD078 /* AL10PreferenceKey */ = {
			isa = PBXGroup;
			children = (
				9EE6ABF02A5EFDD2004FD078 /* AL10PreferenceKey.swift */,
				9EE6ABF32A603176004FD078 /* AL10GeometryPreference.swift */,
				9E3FC2852A6074C700ECEE7E /* AL10ScrollViewPreferenceKey.swift */,
			);
			path = AL10PreferenceKey;
			sourceTree = "<group>";
		};
/* End PBXGroup section */

/* Begin PBXNativeTarget section */
		9E48A36B29C75E85006FCA0E /* SwiftLessons */ = {
			isa = PBXNativeTarget;
			buildConfigurationList = 9E48A37A29C75E86006FCA0E /* Build configuration list for PBXNativeTarget "SwiftLessons" */;
			buildPhases = (
				9E48A36829C75E85006FCA0E /* Sources */,
				9E48A36929C75E85006FCA0E /* Frameworks */,
				9E48A36A29C75E85006FCA0E /* Resources */,
			);
			buildRules = (
			);
			dependencies = (
			);
			name = SwiftLessons;
			productName = SwiftUILessons;
			productReference = 9E48A36C29C75E85006FCA0E /* SwiftLessons.app */;
			productType = "com.apple.product-type.application";
		};
/* End PBXNativeTarget section */

/* Begin PBXProject section */
		9E48A36429C75E85006FCA0E /* Project object */ = {
			isa = PBXProject;
			attributes = {
				BuildIndependentTargetsInParallel = 1;
				LastSwiftUpdateCheck = 1410;
				LastUpgradeCheck = 1410;
				TargetAttributes = {
					9E48A36B29C75E85006FCA0E = {
						CreatedOnToolsVersion = 14.1;
					};
				};
			};
			buildConfigurationList = 9E48A36729C75E85006FCA0E /* Build configuration list for PBXProject "SwiftLessons" */;
			compatibilityVersion = "Xcode 14.0";
			developmentRegion = en;
			hasScannedForEncodings = 0;
			knownRegions = (
				en,
				Base,
			);
			mainGroup = 9E48A36329C75E85006FCA0E;
			productRefGroup = 9E48A36D29C75E85006FCA0E /* Products */;
			projectDirPath = "";
			projectRoot = "";
			targets = (
				9E48A36B29C75E85006FCA0E /* SwiftLessons */,
			);
		};
/* End PBXProject section */

/* Begin PBXResourcesBuildPhase section */
		9E48A36A29C75E85006FCA0E /* Resources */ = {
			isa = PBXResourcesBuildPhase;
			buildActionMask = 2147483647;
			files = (
				9EEA9D7D2A5487850080B2FB /* badum.mp3 in Resources */,
				9E48A37729C75E86006FCA0E /* Preview Assets.xcassets in Resources */,
				9E48A37429C75E86006FCA0E /* Assets.xcassets in Resources */,
				9EEA9D7C2A5487850080B2FB /* tada.mp3 in Resources */,
			);
			runOnlyForDeploymentPostprocessing = 0;
		};
/* End PBXResourcesBuildPhase section */

/* Begin PBXSourcesBuildPhase section */
		9E48A36829C75E85006FCA0E /* Sources */ = {
			isa = PBXSourcesBuildPhase;
			buildActionMask = 2147483647;
			files = (
				9EC1C0A42A40F8F200FA8A16 /* BC46OnAppear.swift in Sources */,
				9E4998222A5738FD0030595A /* SC1DoCatchThrow.swift in Sources */,
				9EF8AA3A2A05D06400BB130B /* BC25Animations.swift in Sources */,
				9E09DA512A48CE8E00D3691A /* BC61KeyboardSubmit.swift in Sources */,
				9EE6ABE32A5CAC7C004FD078 /* AL3Transitions.swift in Sources */,
				9E3FC28D2A61B02100ECEE7E /* AL11TabBarContainer.swift in Sources */,
				9EE6ABE72A5CDCEF004FD078 /* AL5CustomShapes.swift in Sources */,
				9EF8AA362A05B19F00BB130B /* BC23ConditionalStatements.swift in Sources */,
				9E3FC29D2A62E5A100ECEE7E /* AL12CustomNavLink.swift in Sources */,
				9E48A38529C768E0006FCA0E /* BC5Gradients.swift in Sources */,
				9EEA9D8C2A550B140080B2FB /* CL19Typealias.swift in Sources */,
				9E3FC2A32A636BB000ECEE7E /* AL14UIViewControllerRepresentable.swift in Sources */,
				9E3FC2992A62E2F700ECEE7E /* AL12CustomNavBarContainer.swift in Sources */,
				9E09DA492A479D6B00D3691A /* BC57ButtonStyles.swift in Sources */,
				9EEA9D722A546DE50080B2FB /* CL6GeometryReader.swift in Sources */,
				9E48A38B29C78C0A006FCA0E /* BC8Frames.swift in Sources */,
				9E3FC2962A62E09200ECEE7E /* AL12CustomNavBar.swift in Sources */,
				9EEA9D962A55ED860080B2FB /* CL24TimerReceive.swift in Sources */,
				9EEA9D782A54856A0080B2FB /* CL9SoundEffects.swift in Sources */,
				9E48A38F29C799DB006FCA0E /* BC10VHZStacks.swift in Sources */,
				9EF8AA382A05B44300BB130B /* BC24Ternary.swift in Sources */,
				9EEA9D882A54B2990080B2FB /* CL17MultiThreading.swift in Sources */,
				9E09DA4D2A47CC3F00D3691A /* BC59Badges.swift in Sources */,
				9E48A37F29C75F44006FCA0E /* BC2Text.swift in Sources */,
				9EEA9D982A560F520080B2FB /* CL25PublisherSubscriber.swift in Sources */,
				9EA015BD29C7E01000E21971 /* BC15ScrollView.swift in Sources */,
				9EF8AA3E2A05DA1800BB130B /* BC27Transitions.swift in Sources */,
				9E3FC2A12A6332A400ECEE7E /* AL13UIViewRepresentable.swift in Sources */,
				9EEA9D832A54A5FD0080B2FB /* CL12Hashable.swift in Sources */,
				9E3FC29F2A630CB600ECEE7E /* AL12NavBarPreferenceKey.swift in Sources */,
				9E48A39329C7A402006FCA0E /* BC12Spacer.swift in Sources */,
				9EE6ABD22A59A584004FD078 /* SC8StructClassActor.swift in Sources */,
				9E3D2A922A3BCA4E000DC05C /* BC33ActionSheet.swift in Sources */,
				9E4998242A574DD70030595A /* SC3AsyncAwait.swift in Sources */,
				9EE48E1229C8B5AB00492FCB /* BC19State.swift in Sources */,
				9E48A37229C75E85006FCA0E /* ContentView.swift in Sources */,
				9E3FC2892A61858700ECEE7E /* AL11CustomTabBar.swift in Sources */,
				9E7D2ECC2A0DBCB100CDE614 /* BC31EditLists.swift in Sources */,
				9EE48E1029C8B3B900492FCB /* BC18Buttons.swift in Sources */,
				9EE6ABEF2A5E19CA004FD078 /* AL9ViewBuilder.swift in Sources */,
				9EE6ABEB2A5DCF8B004FD078 /* AL7AnimateableData.swift in Sources */,
				9E51D4CD2A3E3EFF005467A1 /* BC34ContextMenu.swift in Sources */,
				9EE48E0C29C8A88200492FCB /* BC16GridItems.swift in Sources */,
				9EEA9D7F2A5488B50080B2FB /* CL10HapticsVibrations.swift in Sources */,
				9EF8AA3C2A05D31400BB130B /* BC26AnimationCurves.swift in Sources */,
				9EE48E1629C8C48500492FCB /* BC21ExtractViews.swift in Sources */,
				9E3FC2A72A64622E00ECEE7E /* AL16DependencyInjection.swift in Sources */,
				9EEA9D742A5470DC0080B2FB /* CL7MultipleSheets.swift in Sources */,
				9EF812DA2A2275E100A15505 /* BC32ShowAlerts.swift in Sources */,
				9E48A38129C76470006FCA0E /* BC3Shapes.swift in Sources */,
				9E97B8302A56FC7D005FB32E /* SC2DownloadImage.swift in Sources */,
				9E48A39129C7A21A006FCA0E /* BC11Padding.swift in Sources */,
				9EE6ABE12A5CA019004FD078 /* AL2ButtonStyles.swift in Sources */,
				9EEA9D8A2A54CC2D0080B2FB /* CL18WeakSelf.swift in Sources */,
				9EC1C09E2A3F9BB800FA8A16 /* BC43TabView.swift in Sources */,
				9EC1C0922A3F812E00FA8A16 /* BC37Switch.swift in Sources */,
				9EBE410C2A57960E00428C8A /* SC5AsyncLet.swift in Sources */,
				9E9F96C12A088D1D009C11EC /* BC30Navigation.swift in Sources */,
				9E09DA4B2A47AFAA00D3691A /* BC58SwipeActions.swift in Sources */,
				9E09DA472A478C4B00D3691A /* BC55SystemMaterials.swift in Sources */,
				9E09DA4F2A48A56A00D3691A /* BC60FocusState.swift in Sources */,
				9EE6ABE92A5DA881004FD078 /* AL6CustomCurves.swift in Sources */,
				9E3FC28F2A6200CF00ECEE7E /* AL11TabBarPreferenceKey.swift in Sources */,
				9EEA9D702A546A460080B2FB /* CL5ScrollViewReader.swift in Sources */,
				9E47FB172A463AAB0093A0CC /* BC51EnvironmentObject.swift in Sources */,
				9EC1C09C2A3F946600FA8A16 /* BC42Slider.swift in Sources */,
				9E47FB1E2A4751C60093A0CC /* BC53OnboardingView.swift in Sources */,
				9E45F6802A578CE8004D0077 /* SC4Task.swift in Sources */,
				9EEA9D852A54A91F0080B2FB /* CL13SortFilterMap.swift in Sources */,
				9E3FC2A52A64507900ECEE7E /* AL15Protocols.swift in Sources */,
				9E48A38D29C7903D006FCA0E /* BC9Overlays.swift in Sources */,
				9E4B81452A4C6CC8004A7DCD /* CL1LongPressGesture.swift in Sources */,
				9E4B813F2A4B6141004A7DCD /* BC64ResizableSheets.swift in Sources */,
				9E47FB222A477D0D0093A0CC /* BC54AsyncImage.swift in Sources */,
				9E3FC2912A6219FD00ECEE7E /* AL11TabBarItem.swift in Sources */,
				9E3FC28B2A61873E00ECEE7E /* AL11AppTabBar.swift in Sources */,
				9E48A39729C7AACD006FCA0E /* BC14ForEach.swift in Sources */,
				9EE6ABCE2A58BBA1004FD078 /* SC6TaskGroup.swift in Sources */,
				9E832EDE2A6892D300A49E7E /* SwiftBasics.swift in Sources */,
				9EE6ABD82A5AFC09004FD078 /* SC10GlobalActors.swift in Sources */,
				9E48A38929C78A96006FCA0E /* BC7Images.swift in Sources */,
				9E48A38329C766CC006FCA0E /* BC4Color.swift in Sources */,
				9EEA9D902A55B9750080B2FB /* CL21Codable.swift in Sources */,
				9EEA9D762A5478340080B2FB /* CL8Mask.swift in Sources */,
				9EC1C0982A3F8FF000FA8A16 /* BC40DatePicker.swift in Sources */,
				9EB4F3082A51EA2700666693 /* CL4DragGesture.swift in Sources */,
				9EB4F3062A51E87A00666693 /* CL3RotationGesture.swift in Sources */,
				9EE48E0E29C8ACCC00492FCB /* BC17SafeArea.swift in Sources */,
				9EEA9D812A548A6A0080B2FB /* CL11LocalNotifications.swift in Sources */,
				9EC1C0942A3F825200FA8A16 /* BC38Picker.swift in Sources */,
				9EC1C0962A3F8A7B00FA8A16 /* BC39ColorPicker.swift in Sources */,
				9EE6ABDA2A5C729A004FD078 /* SC11Sendable.swift in Sources */,
				9EC1C0AA2A41014400FA8A16 /* BC49CustomModels.swift in Sources */,
				9EE6ABDF2A5C9C89004FD078 /* AL1ViewModifiers.swift in Sources */,
				9E3FC29B2A62E43900ECEE7E /* AL12CustomNavView.swift in Sources */,
				9E3FC2942A62DFE900ECEE7E /* AL12AppNavBar.swift in Sources */,
				9E09DA552A49D33E00D3691A /* BC63Toolbar.swift in Sources */,
				9EE6ABD62A5A1F57004FD078 /* SC9Actors.swift in Sources */,
				9E09DA532A48D19900D3691A /* BC62NavigationStack.swift in Sources */,
				9E47FB192A4640750093A0CC /* BC52AppStorage.swift in Sources */,
				9EEA9D922A55CE090080B2FB /* CL22DownloadJSON.swift in Sources */,
				9EE6ABE52A5CD8FC004FD078 /* AL4MatchedGeometryEffect.swift in Sources */,
				9EE6ABF42A603176004FD078 /* AL10GeometryPreference.swift in Sources */,
				9EC1C0902A3F7EFE00FA8A16 /* BC36TextEditor.swift in Sources */,
				9EC1C0A82A40FFE200FA8A16 /* BC48TapGesture.swift in Sources */,
				9EEA9D8E2A550C950080B2FB /* CL20Escaping.swift in Sources */,
				9EC1C0A62A40FD6D00FA8A16 /* BC47IfLetGuard.swift in Sources */,
				9EE6ABED2A5DEBF5004FD078 /* AL8Generics.swift in Sources */,
				9E47FB1C2A47511D0093A0CC /* BC53IntroView.swift in Sources */,
				9E9F96BF2A08882C009C11EC /* BC29Popover.swift in Sources */,
				9E47FB202A4764D70093A0CC /* BC53ProfileView.swift in Sources */,
				9EE48E1429C8C2F100492FCB /* BC20ExtractFunctions.swift in Sources */,
				9E4B81472A4C7DFF004A7DCD /* CL2MagnificationGesture.swift in Sources */,
				9EE6ABD02A58D8F1004FD078 /* SC7Continuations.swift in Sources */,
				9EEA9D942A55DDE60080B2FB /* CL23Combine.swift in Sources */,
				9E4B81412A4C6246004A7DCD /* BC65SafeAreaInserts.swift in Sources */,
				9E3FC2862A6074C700ECEE7E /* AL10ScrollViewPreferenceKey.swift in Sources */,
				9EC1C0A02A40CA4C00FA8A16 /* BC44DarkMode.swift in Sources */,
				9E9F96BB2A05DB9F009C11EC /* BC28FullScreenCover.swift in Sources */,
				9EE6ABDC2A5C9257004FD078 /* SC12AsyncPublisher.swift in Sources */,
				9EE48E1829C8C5E400492FCB /* BC22Binding.swift in Sources */,
				9E51D4CF2A3E4596005467A1 /* BC35TextField.swift in Sources */,
				9E48A38729C787FE006FCA0E /* BC6Icons.swift in Sources */,
				9E48A37029C75E85006FCA0E /* SwiftLessonsApp.swift in Sources */,
				9EC1C0AC2A41293700FA8A16 /* BC50StateObservableObject.swift in Sources */,
				9E48A39529C7A8A3006FCA0E /* BC13InitsEnums.swift in Sources */,
				9EE6ABF12A5EFDD2004FD078 /* AL10PreferenceKey.swift in Sources */,
				9EC1C09A2A3F92E700FA8A16 /* BC41Stepper.swift in Sources */,
			);
			runOnlyForDeploymentPostprocessing = 0;
		};
/* End PBXSourcesBuildPhase section */

/* Begin XCBuildConfiguration section */
		9E48A37829C75E86006FCA0E /* Debug */ = {
			isa = XCBuildConfiguration;
			buildSettings = {
				ALWAYS_SEARCH_USER_PATHS = NO;
				CLANG_ANALYZER_NONNULL = YES;
				CLANG_ANALYZER_NUMBER_OBJECT_CONVERSION = YES_AGGRESSIVE;
				CLANG_CXX_LANGUAGE_STANDARD = "gnu++20";
				CLANG_ENABLE_MODULES = YES;
				CLANG_ENABLE_OBJC_ARC = YES;
				CLANG_ENABLE_OBJC_WEAK = YES;
				CLANG_WARN_BLOCK_CAPTURE_AUTORELEASING = YES;
				CLANG_WARN_BOOL_CONVERSION = YES;
				CLANG_WARN_COMMA = YES;
				CLANG_WARN_CONSTANT_CONVERSION = YES;
				CLANG_WARN_DEPRECATED_OBJC_IMPLEMENTATIONS = YES;
				CLANG_WARN_DIRECT_OBJC_ISA_USAGE = YES_ERROR;
				CLANG_WARN_DOCUMENTATION_COMMENTS = YES;
				CLANG_WARN_EMPTY_BODY = YES;
				CLANG_WARN_ENUM_CONVERSION = YES;
				CLANG_WARN_INFINITE_RECURSION = YES;
				CLANG_WARN_INT_CONVERSION = YES;
				CLANG_WARN_NON_LITERAL_NULL_CONVERSION = YES;
				CLANG_WARN_OBJC_IMPLICIT_RETAIN_SELF = YES;
				CLANG_WARN_OBJC_LITERAL_CONVERSION = YES;
				CLANG_WARN_OBJC_ROOT_CLASS = YES_ERROR;
				CLANG_WARN_QUOTED_INCLUDE_IN_FRAMEWORK_HEADER = YES;
				CLANG_WARN_RANGE_LOOP_ANALYSIS = YES;
				CLANG_WARN_STRICT_PROTOTYPES = YES;
				CLANG_WARN_SUSPICIOUS_MOVE = YES;
				CLANG_WARN_UNGUARDED_AVAILABILITY = YES_AGGRESSIVE;
				CLANG_WARN_UNREACHABLE_CODE = YES;
				CLANG_WARN__DUPLICATE_METHOD_MATCH = YES;
				COPY_PHASE_STRIP = NO;
				DEBUG_INFORMATION_FORMAT = dwarf;
				ENABLE_STRICT_OBJC_MSGSEND = YES;
				ENABLE_TESTABILITY = YES;
				GCC_C_LANGUAGE_STANDARD = gnu11;
				GCC_DYNAMIC_NO_PIC = NO;
				GCC_NO_COMMON_BLOCKS = YES;
				GCC_OPTIMIZATION_LEVEL = 0;
				GCC_PREPROCESSOR_DEFINITIONS = (
					"DEBUG=1",
					"$(inherited)",
				);
				GCC_WARN_64_TO_32_BIT_CONVERSION = YES;
				GCC_WARN_ABOUT_RETURN_TYPE = YES_ERROR;
				GCC_WARN_UNDECLARED_SELECTOR = YES;
				GCC_WARN_UNINITIALIZED_AUTOS = YES_AGGRESSIVE;
				GCC_WARN_UNUSED_FUNCTION = YES;
				GCC_WARN_UNUSED_VARIABLE = YES;
				IPHONEOS_DEPLOYMENT_TARGET = 16.1;
				MTL_ENABLE_DEBUG_INFO = INCLUDE_SOURCE;
				MTL_FAST_MATH = YES;
				ONLY_ACTIVE_ARCH = YES;
				SDKROOT = iphoneos;
				SWIFT_ACTIVE_COMPILATION_CONDITIONS = DEBUG;
				SWIFT_OPTIMIZATION_LEVEL = "-Onone";
			};
			name = Debug;
		};
		9E48A37929C75E86006FCA0E /* Release */ = {
			isa = XCBuildConfiguration;
			buildSettings = {
				ALWAYS_SEARCH_USER_PATHS = NO;
				CLANG_ANALYZER_NONNULL = YES;
				CLANG_ANALYZER_NUMBER_OBJECT_CONVERSION = YES_AGGRESSIVE;
				CLANG_CXX_LANGUAGE_STANDARD = "gnu++20";
				CLANG_ENABLE_MODULES = YES;
				CLANG_ENABLE_OBJC_ARC = YES;
				CLANG_ENABLE_OBJC_WEAK = YES;
				CLANG_WARN_BLOCK_CAPTURE_AUTORELEASING = YES;
				CLANG_WARN_BOOL_CONVERSION = YES;
				CLANG_WARN_COMMA = YES;
				CLANG_WARN_CONSTANT_CONVERSION = YES;
				CLANG_WARN_DEPRECATED_OBJC_IMPLEMENTATIONS = YES;
				CLANG_WARN_DIRECT_OBJC_ISA_USAGE = YES_ERROR;
				CLANG_WARN_DOCUMENTATION_COMMENTS = YES;
				CLANG_WARN_EMPTY_BODY = YES;
				CLANG_WARN_ENUM_CONVERSION = YES;
				CLANG_WARN_INFINITE_RECURSION = YES;
				CLANG_WARN_INT_CONVERSION = YES;
				CLANG_WARN_NON_LITERAL_NULL_CONVERSION = YES;
				CLANG_WARN_OBJC_IMPLICIT_RETAIN_SELF = YES;
				CLANG_WARN_OBJC_LITERAL_CONVERSION = YES;
				CLANG_WARN_OBJC_ROOT_CLASS = YES_ERROR;
				CLANG_WARN_QUOTED_INCLUDE_IN_FRAMEWORK_HEADER = YES;
				CLANG_WARN_RANGE_LOOP_ANALYSIS = YES;
				CLANG_WARN_STRICT_PROTOTYPES = YES;
				CLANG_WARN_SUSPICIOUS_MOVE = YES;
				CLANG_WARN_UNGUARDED_AVAILABILITY = YES_AGGRESSIVE;
				CLANG_WARN_UNREACHABLE_CODE = YES;
				CLANG_WARN__DUPLICATE_METHOD_MATCH = YES;
				COPY_PHASE_STRIP = NO;
				DEBUG_INFORMATION_FORMAT = "dwarf-with-dsym";
				ENABLE_NS_ASSERTIONS = NO;
				ENABLE_STRICT_OBJC_MSGSEND = YES;
				GCC_C_LANGUAGE_STANDARD = gnu11;
				GCC_NO_COMMON_BLOCKS = YES;
				GCC_WARN_64_TO_32_BIT_CONVERSION = YES;
				GCC_WARN_ABOUT_RETURN_TYPE = YES_ERROR;
				GCC_WARN_UNDECLARED_SELECTOR = YES;
				GCC_WARN_UNINITIALIZED_AUTOS = YES_AGGRESSIVE;
				GCC_WARN_UNUSED_FUNCTION = YES;
				GCC_WARN_UNUSED_VARIABLE = YES;
				IPHONEOS_DEPLOYMENT_TARGET = 16.1;
				MTL_ENABLE_DEBUG_INFO = NO;
				MTL_FAST_MATH = YES;
				SDKROOT = iphoneos;
				SWIFT_COMPILATION_MODE = wholemodule;
				SWIFT_OPTIMIZATION_LEVEL = "-O";
				VALIDATE_PRODUCT = YES;
			};
			name = Release;
		};
		9E48A37B29C75E86006FCA0E /* Debug */ = {
			isa = XCBuildConfiguration;
			buildSettings = {
				ASSETCATALOG_COMPILER_APPICON_NAME = AppIcon;
				ASSETCATALOG_COMPILER_GLOBAL_ACCENT_COLOR_NAME = AccentColor;
				CODE_SIGN_STYLE = Automatic;
				CURRENT_PROJECT_VERSION = 1;
				DEVELOPMENT_ASSET_PATHS = "\"SwiftLessons/Preview Content\"";
				DEVELOPMENT_TEAM = MDPY9LF665;
				ENABLE_PREVIEWS = YES;
				GENERATE_INFOPLIST_FILE = YES;
				INFOPLIST_KEY_UIApplicationSceneManifest_Generation = YES;
				INFOPLIST_KEY_UIApplicationSupportsIndirectInputEvents = YES;
				INFOPLIST_KEY_UILaunchScreen_Generation = YES;
				INFOPLIST_KEY_UISupportedInterfaceOrientations_iPad = "UIInterfaceOrientationPortrait UIInterfaceOrientationPortraitUpsideDown UIInterfaceOrientationLandscapeLeft UIInterfaceOrientationLandscapeRight";
				INFOPLIST_KEY_UISupportedInterfaceOrientations_iPhone = "UIInterfaceOrientationPortrait UIInterfaceOrientationLandscapeLeft UIInterfaceOrientationLandscapeRight";
				LD_RUNPATH_SEARCH_PATHS = (
					"$(inherited)",
					"@executable_path/Frameworks",
				);
				MARKETING_VERSION = 1.0;
				PRODUCT_BUNDLE_IDENTIFIER = com.Primike.SwiftUILessons;
				PRODUCT_NAME = "$(TARGET_NAME)";
				SWIFT_EMIT_LOC_STRINGS = YES;
				SWIFT_VERSION = 5.0;
				TARGETED_DEVICE_FAMILY = "1,2";
			};
			name = Debug;
		};
		9E48A37C29C75E86006FCA0E /* Release */ = {
			isa = XCBuildConfiguration;
			buildSettings = {
				ASSETCATALOG_COMPILER_APPICON_NAME = AppIcon;
				ASSETCATALOG_COMPILER_GLOBAL_ACCENT_COLOR_NAME = AccentColor;
				CODE_SIGN_STYLE = Automatic;
				CURRENT_PROJECT_VERSION = 1;
				DEVELOPMENT_ASSET_PATHS = "\"SwiftLessons/Preview Content\"";
				DEVELOPMENT_TEAM = MDPY9LF665;
				ENABLE_PREVIEWS = YES;
				GENERATE_INFOPLIST_FILE = YES;
				INFOPLIST_KEY_UIApplicationSceneManifest_Generation = YES;
				INFOPLIST_KEY_UIApplicationSupportsIndirectInputEvents = YES;
				INFOPLIST_KEY_UILaunchScreen_Generation = YES;
				INFOPLIST_KEY_UISupportedInterfaceOrientations_iPad = "UIInterfaceOrientationPortrait UIInterfaceOrientationPortraitUpsideDown UIInterfaceOrientationLandscapeLeft UIInterfaceOrientationLandscapeRight";
				INFOPLIST_KEY_UISupportedInterfaceOrientations_iPhone = "UIInterfaceOrientationPortrait UIInterfaceOrientationLandscapeLeft UIInterfaceOrientationLandscapeRight";
				LD_RUNPATH_SEARCH_PATHS = (
					"$(inherited)",
					"@executable_path/Frameworks",
				);
				MARKETING_VERSION = 1.0;
				PRODUCT_BUNDLE_IDENTIFIER = com.Primike.SwiftUILessons;
				PRODUCT_NAME = "$(TARGET_NAME)";
				SWIFT_EMIT_LOC_STRINGS = YES;
				SWIFT_VERSION = 5.0;
				TARGETED_DEVICE_FAMILY = "1,2";
			};
			name = Release;
		};
/* End XCBuildConfiguration section */

/* Begin XCConfigurationList section */
		9E48A36729C75E85006FCA0E /* Build configuration list for PBXProject "SwiftLessons" */ = {
			isa = XCConfigurationList;
			buildConfigurations = (
				9E48A37829C75E86006FCA0E /* Debug */,
				9E48A37929C75E86006FCA0E /* Release */,
			);
			defaultConfigurationIsVisible = 0;
			defaultConfigurationName = Release;
		};
		9E48A37A29C75E86006FCA0E /* Build configuration list for PBXNativeTarget "SwiftLessons" */ = {
			isa = XCConfigurationList;
			buildConfigurations = (
				9E48A37B29C75E86006FCA0E /* Debug */,
				9E48A37C29C75E86006FCA0E /* Release */,
			);
			defaultConfigurationIsVisible = 0;
			defaultConfigurationName = Release;
		};
/* End XCConfigurationList section */
	};
	rootObject = 9E48A36429C75E85006FCA0E /* Project object */;
}
